
Microsoft Visual Studio Solution File, Format Version 12.00
# Visual Studio Express 14 for Windows Desktop
VisualStudioVersion = 14.0.25420.1
MinimumVisualStudioVersion = 10.0.40219.1
Project("{8BC9CEB8-8B4A-11D0-8D11-00A0C91BC942}") = "Engine", "Engine\Engine.vcxproj", "{0A820982-59C6-4B6F-A0AB-6AE1D0478A9B}"
EndProject
Project("{8BC9CEB8-8B4A-11D0-8D11-00A0C91BC942}") = "Basic", "Basic\Basic.vcxproj", "{9872B887-B796-4027-81CC-581323A9BCBD}"
	ProjectSection(ProjectDependencies) = postProject
		{32E33155-84DE-3E6A-9C0C-837EC8B02917} = {32E33155-84DE-3E6A-9C0C-837EC8B02917}
		{0A820982-59C6-4B6F-A0AB-6AE1D0478A9B} = {0A820982-59C6-4B6F-A0AB-6AE1D0478A9B}
	EndProjectSection
EndProject
Project("{2150E333-8FDC-42A3-9474-1A3956D46DE8}") = "External", "External", "{C1A50E42-2331-436B-8D68-52BA36A2935A}"
EndProject
Project("{8BC9CEB8-8B4A-11D0-8D11-00A0C91BC942}") = "OpenAL", "External\openal\OpenAL.vcxproj", "{5101B0D8-B871-3F15-863C-62513C8E1400}"
EndProject
Project("{8BC9CEB8-8B4A-11D0-8D11-00A0C91BC942}") = "SOIL", "External\SOIL\projects\VC9\SOIL.vcxproj", "{C32FB2B4-500C-43CD-A099-EECCE079D3F1}"
EndProject
Project("{8BC9CEB8-8B4A-11D0-8D11-00A0C91BC942}") = "glm_dummy", "External\glm\glm_dummy.vcxproj", "{2F8180D4-EC16-3656-AF47-71E58E6A0876}"
EndProject
Project("{8BC9CEB8-8B4A-11D0-8D11-00A0C91BC942}") = "freetype_2015", "External\freetype_2015\builds\win32\visualc\freetype_2015.vcxproj", "{ADD22788-E9F2-8745-A2DC-4078E9A91BA7}"
EndProject
Project("{8BC9CEB8-8B4A-11D0-8D11-00A0C91BC942}") = "EnvironmentMapping", "EnvironmentMapping\EnvironmentMapping.vcxproj", "{50F6BC87-B3CE-48D4-A96E-27AC3C0D7045}"
	ProjectSection(ProjectDependencies) = postProject
		{0A820982-59C6-4B6F-A0AB-6AE1D0478A9B} = {0A820982-59C6-4B6F-A0AB-6AE1D0478A9B}
	EndProjectSection
EndProject
Project("{8BC9CEB8-8B4A-11D0-8D11-00A0C91BC942}") = "assimp", "External\assimp-4.1.0\code\assimp.vcxproj", "{32E33155-84DE-3E6A-9C0C-837EC8B02917}"
EndProject
Project("{8BC9CEB8-8B4A-11D0-8D11-00A0C91BC942}") = "zlibstatic", "External\assimp-4.1.0\contrib\zlib\zlibstatic.vcxproj", "{32210BA7-DA64-3B66-A40C-187CD23AB566}"
EndProject
Project("{8BC9CEB8-8B4A-11D0-8D11-00A0C91BC942}") = "Sanctuary", "Sanctuary\Sanctuary.vcxproj", "{2C0C426E-1CED-45DB-8506-B9B89997A459}"
	ProjectSection(ProjectDependencies) = postProject
		{0A820982-59C6-4B6F-A0AB-6AE1D0478A9B} = {0A820982-59C6-4B6F-A0AB-6AE1D0478A9B}
	EndProjectSection
EndProject
Global
	GlobalSection(SolutionConfigurationPlatforms) = preSolution
		Debug|x86 = Debug|x86
		Release|x86 = Release|x86
	EndGlobalSection
	GlobalSection(ProjectConfigurationPlatforms) = postSolution
		{0A820982-59C6-4B6F-A0AB-6AE1D0478A9B}.Debug|x86.ActiveCfg = Debug|Win32
		{0A820982-59C6-4B6F-A0AB-6AE1D0478A9B}.Debug|x86.Build.0 = Debug|Win32
		{0A820982-59C6-4B6F-A0AB-6AE1D0478A9B}.Release|x86.ActiveCfg = Release|Win32
		{0A820982-59C6-4B6F-A0AB-6AE1D0478A9B}.Release|x86.Build.0 = Release|Win32
		{9872B887-B796-4027-81CC-581323A9BCBD}.Debug|x86.ActiveCfg = Debug|Win32
		{9872B887-B796-4027-81CC-581323A9BCBD}.Debug|x86.Build.0 = Debug|Win32
		{9872B887-B796-4027-81CC-581323A9BCBD}.Release|x86.ActiveCfg = Release|Win32
		{9872B887-B796-4027-81CC-581323A9BCBD}.Release|x86.Build.0 = Release|Win32
		{5101B0D8-B871-3F15-863C-62513C8E1400}.Debug|x86.ActiveCfg = Debug|Win32
		{5101B0D8-B871-3F15-863C-62513C8E1400}.Debug|x86.Build.0 = Debug|Win32
		{5101B0D8-B871-3F15-863C-62513C8E1400}.Release|x86.ActiveCfg = Release|Win32
		{5101B0D8-B871-3F15-863C-62513C8E1400}.Release|x86.Build.0 = Release|Win32
		{C32FB2B4-500C-43CD-A099-EECCE079D3F1}.Debug|x86.ActiveCfg = Debug|Win32
		{C32FB2B4-500C-43CD-A099-EECCE079D3F1}.Debug|x86.Build.0 = Debug|Win32
		{C32FB2B4-500C-43CD-A099-EECCE079D3F1}.Release|x86.ActiveCfg = Release|Win32
		{C32FB2B4-500C-43CD-A099-EECCE079D3F1}.Release|x86.Build.0 = Release|Win32
		{2F8180D4-EC16-3656-AF47-71E58E6A0876}.Debug|x86.ActiveCfg = Debug|Win32
		{2F8180D4-EC16-3656-AF47-71E58E6A0876}.Release|x86.ActiveCfg = Release|Win32
		{2F8180D4-EC16-3656-AF47-71E58E6A0876}.Release|x86.Build.0 = Release|Win32
		{ADD22788-E9F2-8745-A2DC-4078E9A91BA7}.Debug|x86.ActiveCfg = Debug|Win32
		{ADD22788-E9F2-8745-A2DC-4078E9A91BA7}.Debug|x86.Build.0 = Debug|Win32
		{ADD22788-E9F2-8745-A2DC-4078E9A91BA7}.Release|x86.ActiveCfg = Release|Win32
		{ADD22788-E9F2-8745-A2DC-4078E9A91BA7}.Release|x86.Build.0 = Release|Win32
		{50F6BC87-B3CE-48D4-A96E-27AC3C0D7045}.Debug|x86.ActiveCfg = Debug|Win32
		{50F6BC87-B3CE-48D4-A96E-27AC3C0D7045}.Debug|x86.Build.0 = Debug|Win32
		{50F6BC87-B3CE-48D4-A96E-27AC3C0D7045}.Release|x86.ActiveCfg = Release|Win32
		{50F6BC87-B3CE-48D4-A96E-27AC3C0D7045}.Release|x86.Build.0 = Release|Win32
		{32E33155-84DE-3E6A-9C0C-837EC8B02917}.Debug|x86.ActiveCfg = Debug|Win32
		{32E33155-84DE-3E6A-9C0C-837EC8B02917}.Debug|x86.Build.0 = Debug|Win32
		{32E33155-84DE-3E6A-9C0C-837EC8B02917}.Release|x86.ActiveCfg = Release|Win32
		{32E33155-84DE-3E6A-9C0C-837EC8B02917}.Release|x86.Build.0 = Release|Win32
		{32210BA7-DA64-3B66-A40C-187CD23AB566}.Debug|x86.ActiveCfg = Debug|Win32
		{32210BA7-DA64-3B66-A40C-187CD23AB566}.Debug|x86.Build.0 = Debug|Win32
		{32210BA7-DA64-3B66-A40C-187CD23AB566}.Release|x86.ActiveCfg = Release|Win32
		{32210BA7-DA64-3B66-A40C-187CD23AB566}.Release|x86.Build.0 = Release|Win32
		{2C0C426E-1CED-45DB-8506-B9B89997A459}.Debug|x86.ActiveCfg = Debug|Win32
		{2C0C426E-1CED-45DB-8506-B9B89997A459}.Debug|x86.Build.0 = Debug|Win32
		{2C0C426E-1CED-45DB-8506-B9B89997A459}.Release|x86.ActiveCfg = Release|Win32
		{2C0C426E-1CED-45DB-8506-B9B89997A459}.Release|x86.Build.0 = Release|Win32
	EndGlobalSection
	GlobalSection(SolutionProperties) = preSolution
		HideSolutionNode = FALSE
	EndGlobalSection
	GlobalSection(NestedProjects) = preSolution
		{5101B0D8-B871-3F15-863C-62513C8E1400} = {C1A50E42-2331-436B-8D68-52BA36A2935A}
		{C32FB2B4-500C-43CD-A099-EECCE079D3F1} = {C1A50E42-2331-436B-8D68-52BA36A2935A}
		{2F8180D4-EC16-3656-AF47-71E58E6A0876} = {C1A50E42-2331-436B-8D68-52BA36A2935A}
		{ADD22788-E9F2-8745-A2DC-4078E9A91BA7} = {C1A50E42-2331-436B-8D68-52BA36A2935A}
		{32E33155-84DE-3E6A-9C0C-837EC8B02917} = {C1A50E42-2331-436B-8D68-52BA36A2935A}
		{32210BA7-DA64-3B66-A40C-187CD23AB566} = {C1A50E42-2331-436B-8D68-52BA36A2935A}
	EndGlobalSection
EndGlobal
