
Microsoft Visual Studio Solution File, Format Version 12.00
# Visual Studio 14
VisualStudioVersion = 14.0.25420.1
MinimumVisualStudioVersion = 10.0.40219.1
Project("{8BC9CEB8-8B4A-11D0-8D11-00A0C91BC942}") = "Engine", "Engine\Engine.vcxproj", "{0A820982-59C6-4B6F-A0AB-6AE1D0478A9B}"
EndProject
Project("{8BC9CEB8-8B4A-11D0-8D11-00A0C91BC942}") = "Basic", "Basic\Basic.vcxproj", "{9872B887-B796-4027-81CC-581323A9BCBD}"
	ProjectSection(ProjectDependencies) = postProject
		{0A820982-59C6-4B6F-A0AB-6AE1D0478A9B} = {0A820982-59C6-4B6F-A0AB-6AE1D0478A9B}
	EndProjectSection
EndProject
Project("{2150E333-8FDC-42A3-9474-1A3956D46DE8}") = "External", "External", "{C1A50E42-2331-436B-8D68-52BA36A2935A}"
EndProject
Project("{8BC9CEB8-8B4A-11D0-8D11-00A0C91BC942}") = "OpenAL", "External\openal\OpenAL.vcxproj", "{5101B0D8-B871-3F15-863C-62513C8E1400}"
EndProject
Project("{8BC9CEB8-8B4A-11D0-8D11-00A0C91BC942}") = "SOIL", "External\SOIL\projects\VC9\SOIL.vcxproj", "{C32FB2B4-500C-43CD-A099-EECCE079D3F1}"
EndProject
Project("{8BC9CEB8-8B4A-11D0-8D11-00A0C91BC942}") = "glm_dummy", "External\glm\glm_dummy.vcxproj", "{2F8180D4-EC16-3656-AF47-71E58E6A0876}"
EndProject
Project("{8BC9CEB8-8B4A-11D0-8D11-00A0C91BC942}") = "assimp", "External\assimp-4.1.0\code\assimp.vcxproj", "{32E33155-84DE-3E6A-9C0C-837EC8B02917}"
EndProject
Project("{8BC9CEB8-8B4A-11D0-8D11-00A0C91BC942}") = "zlibstatic", "External\assimp-4.1.0\contrib\zlib\zlibstatic.vcxproj", "{32210BA7-DA64-3B66-A40C-187CD23AB566}"
EndProject
Project("{8BC9CEB8-8B4A-11D0-8D11-00A0C91BC942}") = "Sanctuary", "Sanctuary\Sanctuary.vcxproj", "{2C0C426E-1CED-45DB-8506-B9B89997A459}"
	ProjectSection(ProjectDependencies) = postProject
		{0A820982-59C6-4B6F-A0AB-6AE1D0478A9B} = {0A820982-59C6-4B6F-A0AB-6AE1D0478A9B}
	EndProjectSection
EndProject
Project("{8BC9CEB8-8B4A-11D0-8D11-00A0C91BC942}") = "freetype-2.9.1", "External\freetype-2.9.1\builds\windows\vc2015\freetype-2.9.1.vcxproj", "{2F0D0418-226F-4000-B545-3A6F2007FABD}"
EndProject
Project("{8BC9CEB8-8B4A-11D0-8D11-00A0C91BC942}") = "3DBreakOut", "3DBreakOut\3DBreakOut.vcxproj", "{633098FB-15EA-4FB4-B875-2F88471710F0}"
	ProjectSection(ProjectDependencies) = postProject
		{8C1CD756-A926-3B02-9E2E-3957DB065320} = {8C1CD756-A926-3B02-9E2E-3957DB065320}
		{4721169A-98BB-30BD-B630-5CAF460716EE} = {4721169A-98BB-30BD-B630-5CAF460716EE}
		{B226D407-5E8C-3C5E-BC55-AE835B1AB5F6} = {B226D407-5E8C-3C5E-BC55-AE835B1AB5F6}
		{0A820982-59C6-4B6F-A0AB-6AE1D0478A9B} = {0A820982-59C6-4B6F-A0AB-6AE1D0478A9B}
		{4F5D18A8-18B6-355F-B32C-09D0AF55D083} = {4F5D18A8-18B6-355F-B32C-09D0AF55D083}
		{4A644A2F-778A-36C2-9FA6-70C969E306C4} = {4A644A2F-778A-36C2-9FA6-70C969E306C4}
		{4EEC0762-0137-3BD0-9B5A-4F28FD72A969} = {4EEC0762-0137-3BD0-9B5A-4F28FD72A969}
	EndProjectSection
EndProject
Project("{8BC9CEB8-8B4A-11D0-8D11-00A0C91BC942}") = "Bullet3Dynamics", "External\bullet3-2.88\Build\src\Bullet3Dynamics\Bullet3Dynamics.vcxproj", "{4721169A-98BB-30BD-B630-5CAF460716EE}"
EndProject
Project("{8BC9CEB8-8B4A-11D0-8D11-00A0C91BC942}") = "Bullet3Common", "External\bullet3-2.88\Build\src\Bullet3Common\Bullet3Common.vcxproj", "{B226D407-5E8C-3C5E-BC55-AE835B1AB5F6}"
EndProject
Project("{8BC9CEB8-8B4A-11D0-8D11-00A0C91BC942}") = "Bullet3Collision", "External\bullet3-2.88\Build\src\Bullet3Collision\Bullet3Collision.vcxproj", "{8C1CD756-A926-3B02-9E2E-3957DB065320}"
EndProject
Project("{8BC9CEB8-8B4A-11D0-8D11-00A0C91BC942}") = "LinearMath", "External\bullet3-2.88\Build\src\LinearMath\LinearMath.vcxproj", "{4A644A2F-778A-36C2-9FA6-70C969E306C4}"
EndProject
Project("{8BC9CEB8-8B4A-11D0-8D11-00A0C91BC942}") = "BulletCollision", "External\bullet3-2.88\Build\src\BulletCollision\BulletCollision.vcxproj", "{4F5D18A8-18B6-355F-B32C-09D0AF55D083}"
EndProject
Project("{8BC9CEB8-8B4A-11D0-8D11-00A0C91BC942}") = "BulletDynamics", "External\bullet3-2.88\Build\src\BulletDynamics\BulletDynamics.vcxproj", "{4EEC0762-0137-3BD0-9B5A-4F28FD72A969}"
EndProject
Global
	GlobalSection(SolutionConfigurationPlatforms) = preSolution
		Debug|x64 = Debug|x64
		Debug|x86 = Debug|x86
		Release|x64 = Release|x64
		Release|x86 = Release|x86
	EndGlobalSection
	GlobalSection(ProjectConfigurationPlatforms) = postSolution
		{0A820982-59C6-4B6F-A0AB-6AE1D0478A9B}.Debug|x64.ActiveCfg = Debug|Win32
		{0A820982-59C6-4B6F-A0AB-6AE1D0478A9B}.Debug|x86.ActiveCfg = Debug|Win32
		{0A820982-59C6-4B6F-A0AB-6AE1D0478A9B}.Debug|x86.Build.0 = Debug|Win32
		{0A820982-59C6-4B6F-A0AB-6AE1D0478A9B}.Release|x64.ActiveCfg = Release|Win32
		{0A820982-59C6-4B6F-A0AB-6AE1D0478A9B}.Release|x86.ActiveCfg = Release|Win32
		{0A820982-59C6-4B6F-A0AB-6AE1D0478A9B}.Release|x86.Build.0 = Release|Win32
		{9872B887-B796-4027-81CC-581323A9BCBD}.Debug|x64.ActiveCfg = Debug|Win32
		{9872B887-B796-4027-81CC-581323A9BCBD}.Debug|x86.ActiveCfg = Debug|Win32
		{9872B887-B796-4027-81CC-581323A9BCBD}.Debug|x86.Build.0 = Debug|Win32
		{9872B887-B796-4027-81CC-581323A9BCBD}.Release|x64.ActiveCfg = Release|Win32
		{9872B887-B796-4027-81CC-581323A9BCBD}.Release|x86.ActiveCfg = Release|Win32
		{9872B887-B796-4027-81CC-581323A9BCBD}.Release|x86.Build.0 = Release|Win32
		{5101B0D8-B871-3F15-863C-62513C8E1400}.Debug|x64.ActiveCfg = Debug|Win32
		{5101B0D8-B871-3F15-863C-62513C8E1400}.Debug|x86.ActiveCfg = Debug|Win32
		{5101B0D8-B871-3F15-863C-62513C8E1400}.Debug|x86.Build.0 = Debug|Win32
		{5101B0D8-B871-3F15-863C-62513C8E1400}.Release|x64.ActiveCfg = Release|Win32
		{5101B0D8-B871-3F15-863C-62513C8E1400}.Release|x86.ActiveCfg = Release|Win32
		{5101B0D8-B871-3F15-863C-62513C8E1400}.Release|x86.Build.0 = Release|Win32
		{C32FB2B4-500C-43CD-A099-EECCE079D3F1}.Debug|x64.ActiveCfg = Debug|Win32
		{C32FB2B4-500C-43CD-A099-EECCE079D3F1}.Debug|x86.ActiveCfg = Debug|Win32
		{C32FB2B4-500C-43CD-A099-EECCE079D3F1}.Debug|x86.Build.0 = Debug|Win32
		{C32FB2B4-500C-43CD-A099-EECCE079D3F1}.Release|x64.ActiveCfg = Release|Win32
		{C32FB2B4-500C-43CD-A099-EECCE079D3F1}.Release|x86.ActiveCfg = Release|Win32
		{C32FB2B4-500C-43CD-A099-EECCE079D3F1}.Release|x86.Build.0 = Release|Win32
		{2F8180D4-EC16-3656-AF47-71E58E6A0876}.Debug|x64.ActiveCfg = Debug|Win32
		{2F8180D4-EC16-3656-AF47-71E58E6A0876}.Debug|x86.ActiveCfg = Debug|Win32
		{2F8180D4-EC16-3656-AF47-71E58E6A0876}.Release|x64.ActiveCfg = Release|Win32
		{2F8180D4-EC16-3656-AF47-71E58E6A0876}.Release|x86.ActiveCfg = Release|Win32
		{2F8180D4-EC16-3656-AF47-71E58E6A0876}.Release|x86.Build.0 = Release|Win32
		{32E33155-84DE-3E6A-9C0C-837EC8B02917}.Debug|x64.ActiveCfg = Debug|Win32
		{32E33155-84DE-3E6A-9C0C-837EC8B02917}.Debug|x86.ActiveCfg = Debug|Win32
		{32E33155-84DE-3E6A-9C0C-837EC8B02917}.Debug|x86.Build.0 = Debug|Win32
		{32E33155-84DE-3E6A-9C0C-837EC8B02917}.Release|x64.ActiveCfg = Release|Win32
		{32E33155-84DE-3E6A-9C0C-837EC8B02917}.Release|x86.ActiveCfg = Release|Win32
		{32E33155-84DE-3E6A-9C0C-837EC8B02917}.Release|x86.Build.0 = Release|Win32
		{32210BA7-DA64-3B66-A40C-187CD23AB566}.Debug|x64.ActiveCfg = Debug|Win32
		{32210BA7-DA64-3B66-A40C-187CD23AB566}.Debug|x86.ActiveCfg = Debug|Win32
		{32210BA7-DA64-3B66-A40C-187CD23AB566}.Debug|x86.Build.0 = Debug|Win32
		{32210BA7-DA64-3B66-A40C-187CD23AB566}.Release|x64.ActiveCfg = Release|Win32
		{32210BA7-DA64-3B66-A40C-187CD23AB566}.Release|x86.ActiveCfg = Release|Win32
		{32210BA7-DA64-3B66-A40C-187CD23AB566}.Release|x86.Build.0 = Release|Win32
		{2C0C426E-1CED-45DB-8506-B9B89997A459}.Debug|x64.ActiveCfg = Debug|Win32
		{2C0C426E-1CED-45DB-8506-B9B89997A459}.Debug|x86.ActiveCfg = Debug|Win32
		{2C0C426E-1CED-45DB-8506-B9B89997A459}.Debug|x86.Build.0 = Debug|Win32
		{2C0C426E-1CED-45DB-8506-B9B89997A459}.Release|x64.ActiveCfg = Release|Win32
		{2C0C426E-1CED-45DB-8506-B9B89997A459}.Release|x86.ActiveCfg = Release|Win32
		{2C0C426E-1CED-45DB-8506-B9B89997A459}.Release|x86.Build.0 = Release|Win32
		{2F0D0418-226F-4000-B545-3A6F2007FABD}.Debug|x64.ActiveCfg = Debug|Win32
		{2F0D0418-226F-4000-B545-3A6F2007FABD}.Debug|x86.ActiveCfg = Debug|Win32
		{2F0D0418-226F-4000-B545-3A6F2007FABD}.Debug|x86.Build.0 = Debug|Win32
		{2F0D0418-226F-4000-B545-3A6F2007FABD}.Release|x64.ActiveCfg = Release|Win32
		{2F0D0418-226F-4000-B545-3A6F2007FABD}.Release|x86.ActiveCfg = Release|Win32
		{2F0D0418-226F-4000-B545-3A6F2007FABD}.Release|x86.Build.0 = Release|Win32
		{633098FB-15EA-4FB4-B875-2F88471710F0}.Debug|x64.ActiveCfg = Debug|Win32
		{633098FB-15EA-4FB4-B875-2F88471710F0}.Debug|x86.ActiveCfg = Debug|Win32
		{633098FB-15EA-4FB4-B875-2F88471710F0}.Debug|x86.Build.0 = Debug|Win32
		{633098FB-15EA-4FB4-B875-2F88471710F0}.Release|x64.ActiveCfg = Release|Win32
		{633098FB-15EA-4FB4-B875-2F88471710F0}.Release|x86.ActiveCfg = Release|Win32
		{633098FB-15EA-4FB4-B875-2F88471710F0}.Release|x86.Build.0 = Release|Win32
		{4721169A-98BB-30BD-B630-5CAF460716EE}.Debug|x64.ActiveCfg = Debug|Win32
		{4721169A-98BB-30BD-B630-5CAF460716EE}.Debug|x86.ActiveCfg = Debug|Win32
		{4721169A-98BB-30BD-B630-5CAF460716EE}.Debug|x86.Build.0 = Debug|Win32
		{4721169A-98BB-30BD-B630-5CAF460716EE}.Release|x64.ActiveCfg = Release|Win32
		{4721169A-98BB-30BD-B630-5CAF460716EE}.Release|x86.ActiveCfg = Release|Win32
		{4721169A-98BB-30BD-B630-5CAF460716EE}.Release|x86.Build.0 = Release|Win32
		{B226D407-5E8C-3C5E-BC55-AE835B1AB5F6}.Debug|x64.ActiveCfg = Debug|Win32
		{B226D407-5E8C-3C5E-BC55-AE835B1AB5F6}.Debug|x86.ActiveCfg = Debug|Win32
		{B226D407-5E8C-3C5E-BC55-AE835B1AB5F6}.Debug|x86.Build.0 = Debug|Win32
		{B226D407-5E8C-3C5E-BC55-AE835B1AB5F6}.Release|x64.ActiveCfg = Release|Win32
		{B226D407-5E8C-3C5E-BC55-AE835B1AB5F6}.Release|x86.ActiveCfg = Release|Win32
		{B226D407-5E8C-3C5E-BC55-AE835B1AB5F6}.Release|x86.Build.0 = Release|Win32
		{8C1CD756-A926-3B02-9E2E-3957DB065320}.Debug|x64.ActiveCfg = Debug|Win32
		{8C1CD756-A926-3B02-9E2E-3957DB065320}.Debug|x86.ActiveCfg = Debug|Win32
		{8C1CD756-A926-3B02-9E2E-3957DB065320}.Debug|x86.Build.0 = Debug|Win32
		{8C1CD756-A926-3B02-9E2E-3957DB065320}.Release|x64.ActiveCfg = Release|Win32
		{8C1CD756-A926-3B02-9E2E-3957DB065320}.Release|x86.ActiveCfg = Release|Win32
		{8C1CD756-A926-3B02-9E2E-3957DB065320}.Release|x86.Build.0 = Release|Win32
		{4A644A2F-778A-36C2-9FA6-70C969E306C4}.Debug|x64.ActiveCfg = Debug|Win32
		{4A644A2F-778A-36C2-9FA6-70C969E306C4}.Debug|x86.ActiveCfg = Debug|Win32
		{4A644A2F-778A-36C2-9FA6-70C969E306C4}.Debug|x86.Build.0 = Debug|Win32
		{4A644A2F-778A-36C2-9FA6-70C969E306C4}.Release|x64.ActiveCfg = Release|Win32
		{4A644A2F-778A-36C2-9FA6-70C969E306C4}.Release|x86.ActiveCfg = Release|Win32
		{4A644A2F-778A-36C2-9FA6-70C969E306C4}.Release|x86.Build.0 = Release|Win32
		{4F5D18A8-18B6-355F-B32C-09D0AF55D083}.Debug|x64.ActiveCfg = Debug|Win32
		{4F5D18A8-18B6-355F-B32C-09D0AF55D083}.Debug|x86.ActiveCfg = Debug|Win32
		{4F5D18A8-18B6-355F-B32C-09D0AF55D083}.Debug|x86.Build.0 = Debug|Win32
		{4F5D18A8-18B6-355F-B32C-09D0AF55D083}.Release|x64.ActiveCfg = Release|Win32
		{4F5D18A8-18B6-355F-B32C-09D0AF55D083}.Release|x86.ActiveCfg = Release|Win32
		{4F5D18A8-18B6-355F-B32C-09D0AF55D083}.Release|x86.Build.0 = Release|Win32
		{4EEC0762-0137-3BD0-9B5A-4F28FD72A969}.Debug|x64.ActiveCfg = Debug|Win32
		{4EEC0762-0137-3BD0-9B5A-4F28FD72A969}.Debug|x86.ActiveCfg = Debug|Win32
		{4EEC0762-0137-3BD0-9B5A-4F28FD72A969}.Debug|x86.Build.0 = Debug|Win32
		{4EEC0762-0137-3BD0-9B5A-4F28FD72A969}.Release|x64.ActiveCfg = Release|Win32
		{4EEC0762-0137-3BD0-9B5A-4F28FD72A969}.Release|x86.ActiveCfg = Release|Win32
		{4EEC0762-0137-3BD0-9B5A-4F28FD72A969}.Release|x86.Build.0 = Release|Win32
	EndGlobalSection
	GlobalSection(SolutionProperties) = preSolution
		HideSolutionNode = FALSE
	EndGlobalSection
	GlobalSection(NestedProjects) = preSolution
		{5101B0D8-B871-3F15-863C-62513C8E1400} = {C1A50E42-2331-436B-8D68-52BA36A2935A}
		{C32FB2B4-500C-43CD-A099-EECCE079D3F1} = {C1A50E42-2331-436B-8D68-52BA36A2935A}
		{2F8180D4-EC16-3656-AF47-71E58E6A0876} = {C1A50E42-2331-436B-8D68-52BA36A2935A}
		{32E33155-84DE-3E6A-9C0C-837EC8B02917} = {C1A50E42-2331-436B-8D68-52BA36A2935A}
		{32210BA7-DA64-3B66-A40C-187CD23AB566} = {C1A50E42-2331-436B-8D68-52BA36A2935A}
		{2F0D0418-226F-4000-B545-3A6F2007FABD} = {C1A50E42-2331-436B-8D68-52BA36A2935A}
		{4721169A-98BB-30BD-B630-5CAF460716EE} = {C1A50E42-2331-436B-8D68-52BA36A2935A}
		{B226D407-5E8C-3C5E-BC55-AE835B1AB5F6} = {C1A50E42-2331-436B-8D68-52BA36A2935A}
		{8C1CD756-A926-3B02-9E2E-3957DB065320} = {C1A50E42-2331-436B-8D68-52BA36A2935A}
		{4A644A2F-778A-36C2-9FA6-70C969E306C4} = {C1A50E42-2331-436B-8D68-52BA36A2935A}
		{4F5D18A8-18B6-355F-B32C-09D0AF55D083} = {C1A50E42-2331-436B-8D68-52BA36A2935A}
		{4EEC0762-0137-3BD0-9B5A-4F28FD72A969} = {C1A50E42-2331-436B-8D68-52BA36A2935A}
	EndGlobalSection
EndGlobal
