
Microsoft Visual Studio Solution File, Format Version 12.00
# Visual Studio Version 16
VisualStudioVersion = 16.0.30621.155
MinimumVisualStudioVersion = 10.0.40219.1
Project("{8BC9CEB8-8B4A-11D0-8D11-00A0C91BC942}") = "Engine", "Engine\Engine.vcxproj", "{0A820982-59C6-4B6F-A0AB-6AE1D0478A9B}"
EndProject
Project("{8BC9CEB8-8B4A-11D0-8D11-00A0C91BC942}") = "Basic", "Basic\Basic.vcxproj", "{9872B887-B796-4027-81CC-581323A9BCBD}"
	ProjectSection(ProjectDependencies) = postProject
		{0A820982-59C6-4B6F-A0AB-6AE1D0478A9B} = {0A820982-59C6-4B6F-A0AB-6AE1D0478A9B}
	EndProjectSection
EndProject
Project("{2150E333-8FDC-42A3-9474-1A3956D46DE8}") = "External", "External", "{C1A50E42-2331-436B-8D68-52BA36A2935A}"
EndProject
Project("{8BC9CEB8-8B4A-11D0-8D11-00A0C91BC942}") = "OpenAL", "External\openal\OpenAL.vcxproj", "{5101B0D8-B871-3F15-863C-62513C8E1400}"
EndProject
Project("{8BC9CEB8-8B4A-11D0-8D11-00A0C91BC942}") = "glm_dummy", "External\glm\glm_dummy.vcxproj", "{2F8180D4-EC16-3656-AF47-71E58E6A0876}"
EndProject
Project("{8BC9CEB8-8B4A-11D0-8D11-00A0C91BC942}") = "assimp-4.1.0", "External\assimp-4.1.0\code\assimp-4.1.0.vcxproj", "{32E33155-84DE-3E6A-9C0C-837EC8B02917}"
EndProject
Project("{8BC9CEB8-8B4A-11D0-8D11-00A0C91BC942}") = "zlibstatic", "External\assimp-4.1.0\contrib\zlib\zlibstatic.vcxproj", "{32210BA7-DA64-3B66-A40C-187CD23AB566}"
EndProject
Project("{8BC9CEB8-8B4A-11D0-8D11-00A0C91BC942}") = "3DBreakOut", "3DBreakOut\3DBreakOut.vcxproj", "{633098FB-15EA-4FB4-B875-2F88471710F0}"
	ProjectSection(ProjectDependencies) = postProject
		{0A820982-59C6-4B6F-A0AB-6AE1D0478A9B} = {0A820982-59C6-4B6F-A0AB-6AE1D0478A9B}
	EndProjectSection
EndProject
Project("{2150E333-8FDC-42A3-9474-1A3956D46DE8}") = "Bullet", "Bullet", "{C33CBB08-9148-44FF-9F7C-9AC35389D4F8}"
EndProject
Project("{8BC9CEB8-8B4A-11D0-8D11-00A0C91BC942}") = "GameDemo", "GameDemo\GameDemo.vcxproj", "{04483022-E1F6-4C06-B2DA-B55473706900}"
	ProjectSection(ProjectDependencies) = postProject
		{0A820982-59C6-4B6F-A0AB-6AE1D0478A9B} = {0A820982-59C6-4B6F-A0AB-6AE1D0478A9B}
	EndProjectSection
EndProject
Project("{2150E333-8FDC-42A3-9474-1A3956D46DE8}") = "TestSDK", "TestSDK", "{BE7A57CD-0BA3-4900-9A87-06F23480A58C}"
EndProject
Project("{8BC9CEB8-8B4A-11D0-8D11-00A0C91BC942}") = "MaliSDK_Bloom", "MaliSDK_Bloom\MaliSDK_Bloom.vcxproj", "{F8FFB2A5-89F4-44E8-88BA-EAC0BF6A3784}"
EndProject
Project("{8BC9CEB8-8B4A-11D0-8D11-00A0C91BC942}") = "TestSDK_Basic", "TestSDK_Basic\TestSDK_Basic.vcxproj", "{91E31108-414E-4E66-816D-C3FA292CFF61}"
EndProject
Project("{8BC9CEB8-8B4A-11D0-8D11-00A0C91BC942}") = "TestModel", "TestModel\TestModel.vcxproj", "{2DD836A0-F9CC-4845-A9F5-B292DED45342}"
	ProjectSection(ProjectDependencies) = postProject
		{0A820982-59C6-4B6F-A0AB-6AE1D0478A9B} = {0A820982-59C6-4B6F-A0AB-6AE1D0478A9B}
	EndProjectSection
EndProject
Project("{8BC9CEB8-8B4A-11D0-8D11-00A0C91BC942}") = "freetype-2.10.4", "External\freetype-2.10.4\builds\windows\vc2010\freetype.vcxproj", "{78B079BD-9FC7-4B9E-B4A6-96DA0F00248B}"
EndProject
Project("{8BC9CEB8-8B4A-11D0-8D11-00A0C91BC942}") = "assimp", "External\assimp-5.0.1\code\assimp.vcxproj", "{6EAE5A99-1364-33CE-ADC5-8717E50E2897}"
EndProject
Project("{8BC9CEB8-8B4A-11D0-8D11-00A0C91BC942}") = "Bullet3Collision", "External\bullet3-3.09\build3\vs2010\Bullet3Collision.vcxproj", "{DD478CCF-B074-E34E-B41E-EDB4FEB1987E}"
EndProject
Project("{8BC9CEB8-8B4A-11D0-8D11-00A0C91BC942}") = "Bullet3Common", "External\bullet3-3.09\build3\vs2010\Bullet3Common.vcxproj", "{4C52430C-A353-2747-BAEC-1264AC057C34}"
EndProject
Project("{8BC9CEB8-8B4A-11D0-8D11-00A0C91BC942}") = "Bullet3Dynamics", "External\bullet3-3.09\build3\vs2010\Bullet3Dynamics.vcxproj", "{0865CDCF-316B-5546-97DD-95FCF7D9CE21}"
EndProject
Project("{8BC9CEB8-8B4A-11D0-8D11-00A0C91BC942}") = "BulletCollision", "External\bullet3-3.09\build3\vs2010\BulletCollision.vcxproj", "{62BFB86D-4970-1E43-A2D6-017BF05234A9}"
EndProject
Project("{8BC9CEB8-8B4A-11D0-8D11-00A0C91BC942}") = "BulletDynamics", "External\bullet3-3.09\build3\vs2010\BulletDynamics.vcxproj", "{6E5E4D1A-D992-1B45-8982-9A20B56D8184}"
EndProject
Project("{8BC9CEB8-8B4A-11D0-8D11-00A0C91BC942}") = "LinearMath", "External\bullet3-3.09\build3\vs2010\LinearMath.vcxproj", "{A713DD61-D56D-674F-8BF4-E2C84F947B0D}"
EndProject
Global
	GlobalSection(SolutionConfigurationPlatforms) = preSolution
		Debug Static|x64 = Debug Static|x64
		Debug Static|x86 = Debug Static|x86
		Debug|x64 = Debug|x64
		Debug|x86 = Debug|x86
		MinSizeRel|x64 = MinSizeRel|x64
		MinSizeRel|x86 = MinSizeRel|x86
		Release Static|x64 = Release Static|x64
		Release Static|x86 = Release Static|x86
		Release|x64 = Release|x64
		Release|x86 = Release|x86
		RelWithDebInfo|x64 = RelWithDebInfo|x64
		RelWithDebInfo|x86 = RelWithDebInfo|x86
	EndGlobalSection
	GlobalSection(ProjectConfigurationPlatforms) = postSolution
		{0A820982-59C6-4B6F-A0AB-6AE1D0478A9B}.Debug Static|x64.ActiveCfg = Debug|x64
		{0A820982-59C6-4B6F-A0AB-6AE1D0478A9B}.Debug Static|x64.Build.0 = Debug|x64
		{0A820982-59C6-4B6F-A0AB-6AE1D0478A9B}.Debug Static|x86.ActiveCfg = Debug|Win32
		{0A820982-59C6-4B6F-A0AB-6AE1D0478A9B}.Debug Static|x86.Build.0 = Debug|Win32
		{0A820982-59C6-4B6F-A0AB-6AE1D0478A9B}.Debug|x64.ActiveCfg = Debug|x64
		{0A820982-59C6-4B6F-A0AB-6AE1D0478A9B}.Debug|x64.Build.0 = Debug|x64
		{0A820982-59C6-4B6F-A0AB-6AE1D0478A9B}.Debug|x86.ActiveCfg = Debug|Win32
		{0A820982-59C6-4B6F-A0AB-6AE1D0478A9B}.Debug|x86.Build.0 = Debug|Win32
		{0A820982-59C6-4B6F-A0AB-6AE1D0478A9B}.MinSizeRel|x64.ActiveCfg = Release|x64
		{0A820982-59C6-4B6F-A0AB-6AE1D0478A9B}.MinSizeRel|x64.Build.0 = Release|x64
		{0A820982-59C6-4B6F-A0AB-6AE1D0478A9B}.MinSizeRel|x86.ActiveCfg = Release|Win32
		{0A820982-59C6-4B6F-A0AB-6AE1D0478A9B}.MinSizeRel|x86.Build.0 = Release|Win32
		{0A820982-59C6-4B6F-A0AB-6AE1D0478A9B}.Release Static|x64.ActiveCfg = Release|x64
		{0A820982-59C6-4B6F-A0AB-6AE1D0478A9B}.Release Static|x64.Build.0 = Release|x64
		{0A820982-59C6-4B6F-A0AB-6AE1D0478A9B}.Release Static|x86.ActiveCfg = Release|Win32
		{0A820982-59C6-4B6F-A0AB-6AE1D0478A9B}.Release Static|x86.Build.0 = Release|Win32
		{0A820982-59C6-4B6F-A0AB-6AE1D0478A9B}.Release|x64.ActiveCfg = Release|x64
		{0A820982-59C6-4B6F-A0AB-6AE1D0478A9B}.Release|x64.Build.0 = Release|x64
		{0A820982-59C6-4B6F-A0AB-6AE1D0478A9B}.Release|x86.ActiveCfg = Release|Win32
		{0A820982-59C6-4B6F-A0AB-6AE1D0478A9B}.Release|x86.Build.0 = Release|Win32
		{0A820982-59C6-4B6F-A0AB-6AE1D0478A9B}.RelWithDebInfo|x64.ActiveCfg = Release|x64
		{0A820982-59C6-4B6F-A0AB-6AE1D0478A9B}.RelWithDebInfo|x64.Build.0 = Release|x64
		{0A820982-59C6-4B6F-A0AB-6AE1D0478A9B}.RelWithDebInfo|x86.ActiveCfg = Release|Win32
		{0A820982-59C6-4B6F-A0AB-6AE1D0478A9B}.RelWithDebInfo|x86.Build.0 = Release|Win32
		{9872B887-B796-4027-81CC-581323A9BCBD}.Debug Static|x64.ActiveCfg = Release|Win32
		{9872B887-B796-4027-81CC-581323A9BCBD}.Debug Static|x64.Build.0 = Release|Win32
		{9872B887-B796-4027-81CC-581323A9BCBD}.Debug Static|x86.ActiveCfg = Debug|Win32
		{9872B887-B796-4027-81CC-581323A9BCBD}.Debug Static|x86.Build.0 = Debug|Win32
		{9872B887-B796-4027-81CC-581323A9BCBD}.Debug|x64.ActiveCfg = Debug|Win32
		{9872B887-B796-4027-81CC-581323A9BCBD}.Debug|x86.ActiveCfg = Debug|Win32
		{9872B887-B796-4027-81CC-581323A9BCBD}.Debug|x86.Build.0 = Debug|Win32
		{9872B887-B796-4027-81CC-581323A9BCBD}.MinSizeRel|x64.ActiveCfg = Debug|x64
		{9872B887-B796-4027-81CC-581323A9BCBD}.MinSizeRel|x64.Build.0 = Debug|x64
		{9872B887-B796-4027-81CC-581323A9BCBD}.MinSizeRel|x86.ActiveCfg = Debug|Win32
		{9872B887-B796-4027-81CC-581323A9BCBD}.MinSizeRel|x86.Build.0 = Debug|Win32
		{9872B887-B796-4027-81CC-581323A9BCBD}.Release Static|x64.ActiveCfg = Release|Win32
		{9872B887-B796-4027-81CC-581323A9BCBD}.Release Static|x64.Build.0 = Release|Win32
		{9872B887-B796-4027-81CC-581323A9BCBD}.Release Static|x86.ActiveCfg = Release|Win32
		{9872B887-B796-4027-81CC-581323A9BCBD}.Release Static|x86.Build.0 = Release|Win32
		{9872B887-B796-4027-81CC-581323A9BCBD}.Release|x64.ActiveCfg = Release|x64
		{9872B887-B796-4027-81CC-581323A9BCBD}.Release|x86.ActiveCfg = Release|Win32
		{9872B887-B796-4027-81CC-581323A9BCBD}.Release|x86.Build.0 = Release|Win32
		{9872B887-B796-4027-81CC-581323A9BCBD}.RelWithDebInfo|x64.ActiveCfg = Release|x64
		{9872B887-B796-4027-81CC-581323A9BCBD}.RelWithDebInfo|x64.Build.0 = Release|x64
		{9872B887-B796-4027-81CC-581323A9BCBD}.RelWithDebInfo|x86.ActiveCfg = Release|Win32
		{9872B887-B796-4027-81CC-581323A9BCBD}.RelWithDebInfo|x86.Build.0 = Release|Win32
		{5101B0D8-B871-3F15-863C-62513C8E1400}.Debug Static|x64.ActiveCfg = Release|Win32
		{5101B0D8-B871-3F15-863C-62513C8E1400}.Debug Static|x64.Build.0 = Release|Win32
		{5101B0D8-B871-3F15-863C-62513C8E1400}.Debug Static|x86.ActiveCfg = Debug|Win32
		{5101B0D8-B871-3F15-863C-62513C8E1400}.Debug Static|x86.Build.0 = Debug|Win32
		{5101B0D8-B871-3F15-863C-62513C8E1400}.Debug|x64.ActiveCfg = Debug|Win32
		{5101B0D8-B871-3F15-863C-62513C8E1400}.Debug|x86.ActiveCfg = Debug|Win32
		{5101B0D8-B871-3F15-863C-62513C8E1400}.Debug|x86.Build.0 = Debug|Win32
		{5101B0D8-B871-3F15-863C-62513C8E1400}.MinSizeRel|x64.ActiveCfg = Debug|Win32
		{5101B0D8-B871-3F15-863C-62513C8E1400}.MinSizeRel|x64.Build.0 = Debug|Win32
		{5101B0D8-B871-3F15-863C-62513C8E1400}.MinSizeRel|x86.ActiveCfg = Debug|Win32
		{5101B0D8-B871-3F15-863C-62513C8E1400}.MinSizeRel|x86.Build.0 = Debug|Win32
		{5101B0D8-B871-3F15-863C-62513C8E1400}.Release Static|x64.ActiveCfg = Release|Win32
		{5101B0D8-B871-3F15-863C-62513C8E1400}.Release Static|x64.Build.0 = Release|Win32
		{5101B0D8-B871-3F15-863C-62513C8E1400}.Release Static|x86.ActiveCfg = Release|Win32
		{5101B0D8-B871-3F15-863C-62513C8E1400}.Release Static|x86.Build.0 = Release|Win32
		{5101B0D8-B871-3F15-863C-62513C8E1400}.Release|x64.ActiveCfg = Release|Win32
		{5101B0D8-B871-3F15-863C-62513C8E1400}.Release|x86.ActiveCfg = Release|Win32
		{5101B0D8-B871-3F15-863C-62513C8E1400}.Release|x86.Build.0 = Release|Win32
		{5101B0D8-B871-3F15-863C-62513C8E1400}.RelWithDebInfo|x64.ActiveCfg = Debug|Win32
		{5101B0D8-B871-3F15-863C-62513C8E1400}.RelWithDebInfo|x64.Build.0 = Debug|Win32
		{5101B0D8-B871-3F15-863C-62513C8E1400}.RelWithDebInfo|x86.ActiveCfg = Release|Win32
		{5101B0D8-B871-3F15-863C-62513C8E1400}.RelWithDebInfo|x86.Build.0 = Release|Win32
		{2F8180D4-EC16-3656-AF47-71E58E6A0876}.Debug Static|x64.ActiveCfg = Release|Win32
		{2F8180D4-EC16-3656-AF47-71E58E6A0876}.Debug Static|x64.Build.0 = Release|Win32
		{2F8180D4-EC16-3656-AF47-71E58E6A0876}.Debug Static|x86.ActiveCfg = Debug|Win32
		{2F8180D4-EC16-3656-AF47-71E58E6A0876}.Debug Static|x86.Build.0 = Debug|Win32
		{2F8180D4-EC16-3656-AF47-71E58E6A0876}.Debug|x64.ActiveCfg = Debug|Win32
		{2F8180D4-EC16-3656-AF47-71E58E6A0876}.Debug|x86.ActiveCfg = Debug|Win32
		{2F8180D4-EC16-3656-AF47-71E58E6A0876}.MinSizeRel|x64.ActiveCfg = Debug|Win32
		{2F8180D4-EC16-3656-AF47-71E58E6A0876}.MinSizeRel|x64.Build.0 = Debug|Win32
		{2F8180D4-EC16-3656-AF47-71E58E6A0876}.MinSizeRel|x86.ActiveCfg = Debug|Win32
		{2F8180D4-EC16-3656-AF47-71E58E6A0876}.MinSizeRel|x86.Build.0 = Debug|Win32
		{2F8180D4-EC16-3656-AF47-71E58E6A0876}.Release Static|x64.ActiveCfg = Release|Win32
		{2F8180D4-EC16-3656-AF47-71E58E6A0876}.Release Static|x64.Build.0 = Release|Win32
		{2F8180D4-EC16-3656-AF47-71E58E6A0876}.Release Static|x86.ActiveCfg = Release|Win32
		{2F8180D4-EC16-3656-AF47-71E58E6A0876}.Release Static|x86.Build.0 = Release|Win32
		{2F8180D4-EC16-3656-AF47-71E58E6A0876}.Release|x64.ActiveCfg = Release|Win32
		{2F8180D4-EC16-3656-AF47-71E58E6A0876}.Release|x86.ActiveCfg = Release|Win32
		{2F8180D4-EC16-3656-AF47-71E58E6A0876}.Release|x86.Build.0 = Release|Win32
		{2F8180D4-EC16-3656-AF47-71E58E6A0876}.RelWithDebInfo|x64.ActiveCfg = Debug|Win32
		{2F8180D4-EC16-3656-AF47-71E58E6A0876}.RelWithDebInfo|x64.Build.0 = Debug|Win32
		{2F8180D4-EC16-3656-AF47-71E58E6A0876}.RelWithDebInfo|x86.ActiveCfg = Release|Win32
		{2F8180D4-EC16-3656-AF47-71E58E6A0876}.RelWithDebInfo|x86.Build.0 = Release|Win32
		{32E33155-84DE-3E6A-9C0C-837EC8B02917}.Debug Static|x64.ActiveCfg = Release|Win32
		{32E33155-84DE-3E6A-9C0C-837EC8B02917}.Debug Static|x64.Build.0 = Release|Win32
		{32E33155-84DE-3E6A-9C0C-837EC8B02917}.Debug Static|x86.ActiveCfg = Debug|Win32
		{32E33155-84DE-3E6A-9C0C-837EC8B02917}.Debug Static|x86.Build.0 = Debug|Win32
		{32E33155-84DE-3E6A-9C0C-837EC8B02917}.Debug|x64.ActiveCfg = Debug|Win32
		{32E33155-84DE-3E6A-9C0C-837EC8B02917}.Debug|x86.ActiveCfg = Debug|Win32
		{32E33155-84DE-3E6A-9C0C-837EC8B02917}.Debug|x86.Build.0 = Debug|Win32
		{32E33155-84DE-3E6A-9C0C-837EC8B02917}.MinSizeRel|x64.ActiveCfg = Debug|Win32
		{32E33155-84DE-3E6A-9C0C-837EC8B02917}.MinSizeRel|x64.Build.0 = Debug|Win32
		{32E33155-84DE-3E6A-9C0C-837EC8B02917}.MinSizeRel|x86.ActiveCfg = Debug|Win32
		{32E33155-84DE-3E6A-9C0C-837EC8B02917}.MinSizeRel|x86.Build.0 = Debug|Win32
		{32E33155-84DE-3E6A-9C0C-837EC8B02917}.Release Static|x64.ActiveCfg = Release|Win32
		{32E33155-84DE-3E6A-9C0C-837EC8B02917}.Release Static|x64.Build.0 = Release|Win32
		{32E33155-84DE-3E6A-9C0C-837EC8B02917}.Release Static|x86.ActiveCfg = Release|Win32
		{32E33155-84DE-3E6A-9C0C-837EC8B02917}.Release Static|x86.Build.0 = Release|Win32
		{32E33155-84DE-3E6A-9C0C-837EC8B02917}.Release|x64.ActiveCfg = Release|Win32
		{32E33155-84DE-3E6A-9C0C-837EC8B02917}.Release|x86.ActiveCfg = Release|Win32
		{32E33155-84DE-3E6A-9C0C-837EC8B02917}.Release|x86.Build.0 = Release|Win32
		{32E33155-84DE-3E6A-9C0C-837EC8B02917}.RelWithDebInfo|x64.ActiveCfg = Debug|Win32
		{32E33155-84DE-3E6A-9C0C-837EC8B02917}.RelWithDebInfo|x64.Build.0 = Debug|Win32
		{32E33155-84DE-3E6A-9C0C-837EC8B02917}.RelWithDebInfo|x86.ActiveCfg = Release|Win32
		{32E33155-84DE-3E6A-9C0C-837EC8B02917}.RelWithDebInfo|x86.Build.0 = Release|Win32
		{32210BA7-DA64-3B66-A40C-187CD23AB566}.Debug Static|x64.ActiveCfg = Release|Win32
		{32210BA7-DA64-3B66-A40C-187CD23AB566}.Debug Static|x64.Build.0 = Release|Win32
		{32210BA7-DA64-3B66-A40C-187CD23AB566}.Debug Static|x86.ActiveCfg = Debug|Win32
		{32210BA7-DA64-3B66-A40C-187CD23AB566}.Debug Static|x86.Build.0 = Debug|Win32
		{32210BA7-DA64-3B66-A40C-187CD23AB566}.Debug|x64.ActiveCfg = Debug|Win32
		{32210BA7-DA64-3B66-A40C-187CD23AB566}.Debug|x86.ActiveCfg = Debug|Win32
		{32210BA7-DA64-3B66-A40C-187CD23AB566}.Debug|x86.Build.0 = Debug|Win32
		{32210BA7-DA64-3B66-A40C-187CD23AB566}.MinSizeRel|x64.ActiveCfg = Debug|Win32
		{32210BA7-DA64-3B66-A40C-187CD23AB566}.MinSizeRel|x64.Build.0 = Debug|Win32
		{32210BA7-DA64-3B66-A40C-187CD23AB566}.MinSizeRel|x86.ActiveCfg = Debug|Win32
		{32210BA7-DA64-3B66-A40C-187CD23AB566}.MinSizeRel|x86.Build.0 = Debug|Win32
		{32210BA7-DA64-3B66-A40C-187CD23AB566}.Release Static|x64.ActiveCfg = Release|Win32
		{32210BA7-DA64-3B66-A40C-187CD23AB566}.Release Static|x64.Build.0 = Release|Win32
		{32210BA7-DA64-3B66-A40C-187CD23AB566}.Release Static|x86.ActiveCfg = Release|Win32
		{32210BA7-DA64-3B66-A40C-187CD23AB566}.Release Static|x86.Build.0 = Release|Win32
		{32210BA7-DA64-3B66-A40C-187CD23AB566}.Release|x64.ActiveCfg = Release|Win32
		{32210BA7-DA64-3B66-A40C-187CD23AB566}.Release|x86.ActiveCfg = Release|Win32
		{32210BA7-DA64-3B66-A40C-187CD23AB566}.Release|x86.Build.0 = Release|Win32
		{32210BA7-DA64-3B66-A40C-187CD23AB566}.RelWithDebInfo|x64.ActiveCfg = Debug|Win32
		{32210BA7-DA64-3B66-A40C-187CD23AB566}.RelWithDebInfo|x64.Build.0 = Debug|Win32
		{32210BA7-DA64-3B66-A40C-187CD23AB566}.RelWithDebInfo|x86.ActiveCfg = Release|Win32
		{32210BA7-DA64-3B66-A40C-187CD23AB566}.RelWithDebInfo|x86.Build.0 = Release|Win32
		{633098FB-15EA-4FB4-B875-2F88471710F0}.Debug Static|x64.ActiveCfg = Release|Win32
		{633098FB-15EA-4FB4-B875-2F88471710F0}.Debug Static|x64.Build.0 = Release|Win32
		{633098FB-15EA-4FB4-B875-2F88471710F0}.Debug Static|x86.ActiveCfg = Debug|Win32
		{633098FB-15EA-4FB4-B875-2F88471710F0}.Debug Static|x86.Build.0 = Debug|Win32
		{633098FB-15EA-4FB4-B875-2F88471710F0}.Debug|x64.ActiveCfg = Debug|Win32
		{633098FB-15EA-4FB4-B875-2F88471710F0}.Debug|x86.ActiveCfg = Debug|Win32
		{633098FB-15EA-4FB4-B875-2F88471710F0}.Debug|x86.Build.0 = Debug|Win32
		{633098FB-15EA-4FB4-B875-2F88471710F0}.MinSizeRel|x64.ActiveCfg = Debug|Win32
		{633098FB-15EA-4FB4-B875-2F88471710F0}.MinSizeRel|x64.Build.0 = Debug|Win32
		{633098FB-15EA-4FB4-B875-2F88471710F0}.MinSizeRel|x86.ActiveCfg = Debug|Win32
		{633098FB-15EA-4FB4-B875-2F88471710F0}.MinSizeRel|x86.Build.0 = Debug|Win32
		{633098FB-15EA-4FB4-B875-2F88471710F0}.Release Static|x64.ActiveCfg = Release|Win32
		{633098FB-15EA-4FB4-B875-2F88471710F0}.Release Static|x64.Build.0 = Release|Win32
		{633098FB-15EA-4FB4-B875-2F88471710F0}.Release Static|x86.ActiveCfg = Release|Win32
		{633098FB-15EA-4FB4-B875-2F88471710F0}.Release Static|x86.Build.0 = Release|Win32
		{633098FB-15EA-4FB4-B875-2F88471710F0}.Release|x64.ActiveCfg = Release|Win32
		{633098FB-15EA-4FB4-B875-2F88471710F0}.Release|x86.ActiveCfg = Release|Win32
		{633098FB-15EA-4FB4-B875-2F88471710F0}.Release|x86.Build.0 = Release|Win32
		{633098FB-15EA-4FB4-B875-2F88471710F0}.RelWithDebInfo|x64.ActiveCfg = Debug|Win32
		{633098FB-15EA-4FB4-B875-2F88471710F0}.RelWithDebInfo|x64.Build.0 = Debug|Win32
		{633098FB-15EA-4FB4-B875-2F88471710F0}.RelWithDebInfo|x86.ActiveCfg = Release|Win32
		{633098FB-15EA-4FB4-B875-2F88471710F0}.RelWithDebInfo|x86.Build.0 = Release|Win32
		{04483022-E1F6-4C06-B2DA-B55473706900}.Debug Static|x64.ActiveCfg = Debug|x64
		{04483022-E1F6-4C06-B2DA-B55473706900}.Debug Static|x64.Build.0 = Debug|x64
		{04483022-E1F6-4C06-B2DA-B55473706900}.Debug Static|x86.ActiveCfg = Debug|Win32
		{04483022-E1F6-4C06-B2DA-B55473706900}.Debug Static|x86.Build.0 = Debug|Win32
		{04483022-E1F6-4C06-B2DA-B55473706900}.Debug|x64.ActiveCfg = Debug|x64
		{04483022-E1F6-4C06-B2DA-B55473706900}.Debug|x64.Build.0 = Debug|x64
		{04483022-E1F6-4C06-B2DA-B55473706900}.Debug|x86.ActiveCfg = Debug|Win32
		{04483022-E1F6-4C06-B2DA-B55473706900}.Debug|x86.Build.0 = Debug|Win32
		{04483022-E1F6-4C06-B2DA-B55473706900}.MinSizeRel|x64.ActiveCfg = Release|x64
		{04483022-E1F6-4C06-B2DA-B55473706900}.MinSizeRel|x64.Build.0 = Release|x64
		{04483022-E1F6-4C06-B2DA-B55473706900}.MinSizeRel|x86.ActiveCfg = Release|Win32
		{04483022-E1F6-4C06-B2DA-B55473706900}.MinSizeRel|x86.Build.0 = Release|Win32
		{04483022-E1F6-4C06-B2DA-B55473706900}.Release Static|x64.ActiveCfg = Release|x64
		{04483022-E1F6-4C06-B2DA-B55473706900}.Release Static|x64.Build.0 = Release|x64
		{04483022-E1F6-4C06-B2DA-B55473706900}.Release Static|x86.ActiveCfg = Release|Win32
		{04483022-E1F6-4C06-B2DA-B55473706900}.Release Static|x86.Build.0 = Release|Win32
		{04483022-E1F6-4C06-B2DA-B55473706900}.Release|x64.ActiveCfg = Release|x64
		{04483022-E1F6-4C06-B2DA-B55473706900}.Release|x64.Build.0 = Release|x64
		{04483022-E1F6-4C06-B2DA-B55473706900}.Release|x86.ActiveCfg = Release|Win32
		{04483022-E1F6-4C06-B2DA-B55473706900}.Release|x86.Build.0 = Release|Win32
		{04483022-E1F6-4C06-B2DA-B55473706900}.RelWithDebInfo|x64.ActiveCfg = Release|x64
		{04483022-E1F6-4C06-B2DA-B55473706900}.RelWithDebInfo|x64.Build.0 = Release|x64
		{04483022-E1F6-4C06-B2DA-B55473706900}.RelWithDebInfo|x86.ActiveCfg = Release|Win32
		{04483022-E1F6-4C06-B2DA-B55473706900}.RelWithDebInfo|x86.Build.0 = Release|Win32
		{F8FFB2A5-89F4-44E8-88BA-EAC0BF6A3784}.Debug Static|x64.ActiveCfg = Debug|x64
		{F8FFB2A5-89F4-44E8-88BA-EAC0BF6A3784}.Debug Static|x64.Build.0 = Debug|x64
		{F8FFB2A5-89F4-44E8-88BA-EAC0BF6A3784}.Debug Static|x86.ActiveCfg = Debug|Win32
		{F8FFB2A5-89F4-44E8-88BA-EAC0BF6A3784}.Debug Static|x86.Build.0 = Debug|Win32
		{F8FFB2A5-89F4-44E8-88BA-EAC0BF6A3784}.Debug|x64.ActiveCfg = Debug|x64
		{F8FFB2A5-89F4-44E8-88BA-EAC0BF6A3784}.Debug|x64.Build.0 = Debug|x64
		{F8FFB2A5-89F4-44E8-88BA-EAC0BF6A3784}.Debug|x86.ActiveCfg = Debug|Win32
		{F8FFB2A5-89F4-44E8-88BA-EAC0BF6A3784}.Debug|x86.Build.0 = Debug|Win32
		{F8FFB2A5-89F4-44E8-88BA-EAC0BF6A3784}.MinSizeRel|x64.ActiveCfg = Release|x64
		{F8FFB2A5-89F4-44E8-88BA-EAC0BF6A3784}.MinSizeRel|x64.Build.0 = Release|x64
		{F8FFB2A5-89F4-44E8-88BA-EAC0BF6A3784}.MinSizeRel|x86.ActiveCfg = Release|Win32
		{F8FFB2A5-89F4-44E8-88BA-EAC0BF6A3784}.MinSizeRel|x86.Build.0 = Release|Win32
		{F8FFB2A5-89F4-44E8-88BA-EAC0BF6A3784}.Release Static|x64.ActiveCfg = Release|x64
		{F8FFB2A5-89F4-44E8-88BA-EAC0BF6A3784}.Release Static|x64.Build.0 = Release|x64
		{F8FFB2A5-89F4-44E8-88BA-EAC0BF6A3784}.Release Static|x86.ActiveCfg = Release|Win32
		{F8FFB2A5-89F4-44E8-88BA-EAC0BF6A3784}.Release Static|x86.Build.0 = Release|Win32
		{F8FFB2A5-89F4-44E8-88BA-EAC0BF6A3784}.Release|x64.ActiveCfg = Release|x64
		{F8FFB2A5-89F4-44E8-88BA-EAC0BF6A3784}.Release|x64.Build.0 = Release|x64
		{F8FFB2A5-89F4-44E8-88BA-EAC0BF6A3784}.Release|x86.ActiveCfg = Release|Win32
		{F8FFB2A5-89F4-44E8-88BA-EAC0BF6A3784}.Release|x86.Build.0 = Release|Win32
		{F8FFB2A5-89F4-44E8-88BA-EAC0BF6A3784}.RelWithDebInfo|x64.ActiveCfg = Release|x64
		{F8FFB2A5-89F4-44E8-88BA-EAC0BF6A3784}.RelWithDebInfo|x64.Build.0 = Release|x64
		{F8FFB2A5-89F4-44E8-88BA-EAC0BF6A3784}.RelWithDebInfo|x86.ActiveCfg = Release|Win32
		{F8FFB2A5-89F4-44E8-88BA-EAC0BF6A3784}.RelWithDebInfo|x86.Build.0 = Release|Win32
		{91E31108-414E-4E66-816D-C3FA292CFF61}.Debug Static|x64.ActiveCfg = Debug|x64
		{91E31108-414E-4E66-816D-C3FA292CFF61}.Debug Static|x64.Build.0 = Debug|x64
		{91E31108-414E-4E66-816D-C3FA292CFF61}.Debug Static|x86.ActiveCfg = Debug|Win32
		{91E31108-414E-4E66-816D-C3FA292CFF61}.Debug Static|x86.Build.0 = Debug|Win32
		{91E31108-414E-4E66-816D-C3FA292CFF61}.Debug|x64.ActiveCfg = Debug|x64
		{91E31108-414E-4E66-816D-C3FA292CFF61}.Debug|x64.Build.0 = Debug|x64
		{91E31108-414E-4E66-816D-C3FA292CFF61}.Debug|x86.ActiveCfg = Debug|Win32
		{91E31108-414E-4E66-816D-C3FA292CFF61}.Debug|x86.Build.0 = Debug|Win32
		{91E31108-414E-4E66-816D-C3FA292CFF61}.MinSizeRel|x64.ActiveCfg = Release|x64
		{91E31108-414E-4E66-816D-C3FA292CFF61}.MinSizeRel|x64.Build.0 = Release|x64
		{91E31108-414E-4E66-816D-C3FA292CFF61}.MinSizeRel|x86.ActiveCfg = Release|Win32
		{91E31108-414E-4E66-816D-C3FA292CFF61}.MinSizeRel|x86.Build.0 = Release|Win32
		{91E31108-414E-4E66-816D-C3FA292CFF61}.Release Static|x64.ActiveCfg = Release|x64
		{91E31108-414E-4E66-816D-C3FA292CFF61}.Release Static|x64.Build.0 = Release|x64
		{91E31108-414E-4E66-816D-C3FA292CFF61}.Release Static|x86.ActiveCfg = Release|Win32
		{91E31108-414E-4E66-816D-C3FA292CFF61}.Release Static|x86.Build.0 = Release|Win32
		{91E31108-414E-4E66-816D-C3FA292CFF61}.Release|x64.ActiveCfg = Release|x64
		{91E31108-414E-4E66-816D-C3FA292CFF61}.Release|x64.Build.0 = Release|x64
		{91E31108-414E-4E66-816D-C3FA292CFF61}.Release|x86.ActiveCfg = Release|Win32
		{91E31108-414E-4E66-816D-C3FA292CFF61}.Release|x86.Build.0 = Release|Win32
		{91E31108-414E-4E66-816D-C3FA292CFF61}.RelWithDebInfo|x64.ActiveCfg = Release|x64
		{91E31108-414E-4E66-816D-C3FA292CFF61}.RelWithDebInfo|x64.Build.0 = Release|x64
		{91E31108-414E-4E66-816D-C3FA292CFF61}.RelWithDebInfo|x86.ActiveCfg = Release|Win32
		{91E31108-414E-4E66-816D-C3FA292CFF61}.RelWithDebInfo|x86.Build.0 = Release|Win32
		{2DD836A0-F9CC-4845-A9F5-B292DED45342}.Debug Static|x64.ActiveCfg = Release|Win32
		{2DD836A0-F9CC-4845-A9F5-B292DED45342}.Debug Static|x64.Build.0 = Release|Win32
		{2DD836A0-F9CC-4845-A9F5-B292DED45342}.Debug Static|x86.ActiveCfg = Debug|Win32
		{2DD836A0-F9CC-4845-A9F5-B292DED45342}.Debug Static|x86.Build.0 = Debug|Win32
		{2DD836A0-F9CC-4845-A9F5-B292DED45342}.Debug|x64.ActiveCfg = Debug|Win32
		{2DD836A0-F9CC-4845-A9F5-B292DED45342}.Debug|x86.ActiveCfg = Debug|Win32
		{2DD836A0-F9CC-4845-A9F5-B292DED45342}.Debug|x86.Build.0 = Debug|Win32
		{2DD836A0-F9CC-4845-A9F5-B292DED45342}.MinSizeRel|x64.ActiveCfg = Debug|Win32
		{2DD836A0-F9CC-4845-A9F5-B292DED45342}.MinSizeRel|x64.Build.0 = Debug|Win32
		{2DD836A0-F9CC-4845-A9F5-B292DED45342}.MinSizeRel|x86.ActiveCfg = Debug|Win32
		{2DD836A0-F9CC-4845-A9F5-B292DED45342}.MinSizeRel|x86.Build.0 = Debug|Win32
		{2DD836A0-F9CC-4845-A9F5-B292DED45342}.Release Static|x64.ActiveCfg = Release|Win32
		{2DD836A0-F9CC-4845-A9F5-B292DED45342}.Release Static|x64.Build.0 = Release|Win32
		{2DD836A0-F9CC-4845-A9F5-B292DED45342}.Release Static|x86.ActiveCfg = Release|Win32
		{2DD836A0-F9CC-4845-A9F5-B292DED45342}.Release Static|x86.Build.0 = Release|Win32
		{2DD836A0-F9CC-4845-A9F5-B292DED45342}.Release|x64.ActiveCfg = Release|Win32
		{2DD836A0-F9CC-4845-A9F5-B292DED45342}.Release|x86.ActiveCfg = Release|Win32
		{2DD836A0-F9CC-4845-A9F5-B292DED45342}.Release|x86.Build.0 = Release|Win32
		{2DD836A0-F9CC-4845-A9F5-B292DED45342}.RelWithDebInfo|x64.ActiveCfg = Debug|Win32
		{2DD836A0-F9CC-4845-A9F5-B292DED45342}.RelWithDebInfo|x64.Build.0 = Debug|Win32
		{2DD836A0-F9CC-4845-A9F5-B292DED45342}.RelWithDebInfo|x86.ActiveCfg = Release|Win32
		{2DD836A0-F9CC-4845-A9F5-B292DED45342}.RelWithDebInfo|x86.Build.0 = Release|Win32
		{78B079BD-9FC7-4B9E-B4A6-96DA0F00248B}.Debug Static|x64.ActiveCfg = Debug Static|x64
		{78B079BD-9FC7-4B9E-B4A6-96DA0F00248B}.Debug Static|x64.Build.0 = Debug Static|x64
		{78B079BD-9FC7-4B9E-B4A6-96DA0F00248B}.Debug Static|x86.ActiveCfg = Debug Static|Win32
		{78B079BD-9FC7-4B9E-B4A6-96DA0F00248B}.Debug Static|x86.Build.0 = Debug Static|Win32
		{78B079BD-9FC7-4B9E-B4A6-96DA0F00248B}.Debug|x64.ActiveCfg = Debug|x64
		{78B079BD-9FC7-4B9E-B4A6-96DA0F00248B}.Debug|x64.Build.0 = Debug|x64
		{78B079BD-9FC7-4B9E-B4A6-96DA0F00248B}.Debug|x86.ActiveCfg = Debug|Win32
		{78B079BD-9FC7-4B9E-B4A6-96DA0F00248B}.Debug|x86.Build.0 = Debug|Win32
		{78B079BD-9FC7-4B9E-B4A6-96DA0F00248B}.MinSizeRel|x64.ActiveCfg = Release|x64
		{78B079BD-9FC7-4B9E-B4A6-96DA0F00248B}.MinSizeRel|x64.Build.0 = Release|x64
		{78B079BD-9FC7-4B9E-B4A6-96DA0F00248B}.MinSizeRel|x86.ActiveCfg = Release|Win32
		{78B079BD-9FC7-4B9E-B4A6-96DA0F00248B}.MinSizeRel|x86.Build.0 = Release|Win32
		{78B079BD-9FC7-4B9E-B4A6-96DA0F00248B}.Release Static|x64.ActiveCfg = Release Static|x64
		{78B079BD-9FC7-4B9E-B4A6-96DA0F00248B}.Release Static|x64.Build.0 = Release Static|x64
		{78B079BD-9FC7-4B9E-B4A6-96DA0F00248B}.Release Static|x86.ActiveCfg = Release Static|Win32
		{78B079BD-9FC7-4B9E-B4A6-96DA0F00248B}.Release Static|x86.Build.0 = Release Static|Win32
		{78B079BD-9FC7-4B9E-B4A6-96DA0F00248B}.Release|x64.ActiveCfg = Release|x64
		{78B079BD-9FC7-4B9E-B4A6-96DA0F00248B}.Release|x64.Build.0 = Release|x64
		{78B079BD-9FC7-4B9E-B4A6-96DA0F00248B}.Release|x86.ActiveCfg = Release|Win32
		{78B079BD-9FC7-4B9E-B4A6-96DA0F00248B}.Release|x86.Build.0 = Release|Win32
		{78B079BD-9FC7-4B9E-B4A6-96DA0F00248B}.RelWithDebInfo|x64.ActiveCfg = Release|x64
		{78B079BD-9FC7-4B9E-B4A6-96DA0F00248B}.RelWithDebInfo|x64.Build.0 = Release|x64
		{78B079BD-9FC7-4B9E-B4A6-96DA0F00248B}.RelWithDebInfo|x86.ActiveCfg = Release|Win32
		{78B079BD-9FC7-4B9E-B4A6-96DA0F00248B}.RelWithDebInfo|x86.Build.0 = Release|Win32
		{6EAE5A99-1364-33CE-ADC5-8717E50E2897}.Debug Static|x64.ActiveCfg = Debug|x64
		{6EAE5A99-1364-33CE-ADC5-8717E50E2897}.Debug Static|x64.Build.0 = Debug|x64
		{6EAE5A99-1364-33CE-ADC5-8717E50E2897}.Debug Static|x86.ActiveCfg = RelWithDebInfo|x64
		{6EAE5A99-1364-33CE-ADC5-8717E50E2897}.Debug Static|x86.Build.0 = RelWithDebInfo|x64
		{6EAE5A99-1364-33CE-ADC5-8717E50E2897}.Debug|x64.ActiveCfg = Debug|x64
		{6EAE5A99-1364-33CE-ADC5-8717E50E2897}.Debug|x64.Build.0 = Debug|x64
		{6EAE5A99-1364-33CE-ADC5-8717E50E2897}.Debug|x86.ActiveCfg = Debug|x64
		{6EAE5A99-1364-33CE-ADC5-8717E50E2897}.MinSizeRel|x64.ActiveCfg = MinSizeRel|x64
		{6EAE5A99-1364-33CE-ADC5-8717E50E2897}.MinSizeRel|x64.Build.0 = MinSizeRel|x64
		{6EAE5A99-1364-33CE-ADC5-8717E50E2897}.MinSizeRel|x86.ActiveCfg = MinSizeRel|x64
		{6EAE5A99-1364-33CE-ADC5-8717E50E2897}.Release Static|x64.ActiveCfg = Release|x64
		{6EAE5A99-1364-33CE-ADC5-8717E50E2897}.Release Static|x64.Build.0 = Release|x64
		{6EAE5A99-1364-33CE-ADC5-8717E50E2897}.Release Static|x86.ActiveCfg = RelWithDebInfo|x64
		{6EAE5A99-1364-33CE-ADC5-8717E50E2897}.Release Static|x86.Build.0 = RelWithDebInfo|x64
		{6EAE5A99-1364-33CE-ADC5-8717E50E2897}.Release|x64.ActiveCfg = Release|x64
		{6EAE5A99-1364-33CE-ADC5-8717E50E2897}.Release|x64.Build.0 = Release|x64
		{6EAE5A99-1364-33CE-ADC5-8717E50E2897}.Release|x86.ActiveCfg = Release|x64
		{6EAE5A99-1364-33CE-ADC5-8717E50E2897}.RelWithDebInfo|x64.ActiveCfg = RelWithDebInfo|x64
		{6EAE5A99-1364-33CE-ADC5-8717E50E2897}.RelWithDebInfo|x64.Build.0 = RelWithDebInfo|x64
		{6EAE5A99-1364-33CE-ADC5-8717E50E2897}.RelWithDebInfo|x86.ActiveCfg = RelWithDebInfo|x64
		{DD478CCF-B074-E34E-B41E-EDB4FEB1987E}.Debug Static|x64.ActiveCfg = Debug|x64
		{DD478CCF-B074-E34E-B41E-EDB4FEB1987E}.Debug Static|x64.Build.0 = Debug|x64
		{DD478CCF-B074-E34E-B41E-EDB4FEB1987E}.Debug Static|x86.ActiveCfg = Debug|Win32
		{DD478CCF-B074-E34E-B41E-EDB4FEB1987E}.Debug Static|x86.Build.0 = Debug|Win32
		{DD478CCF-B074-E34E-B41E-EDB4FEB1987E}.Debug|x64.ActiveCfg = Debug|x64
		{DD478CCF-B074-E34E-B41E-EDB4FEB1987E}.Debug|x64.Build.0 = Debug|x64
		{DD478CCF-B074-E34E-B41E-EDB4FEB1987E}.Debug|x86.ActiveCfg = Debug|Win32
		{DD478CCF-B074-E34E-B41E-EDB4FEB1987E}.Debug|x86.Build.0 = Debug|Win32
		{DD478CCF-B074-E34E-B41E-EDB4FEB1987E}.MinSizeRel|x64.ActiveCfg = Debug|x64
		{DD478CCF-B074-E34E-B41E-EDB4FEB1987E}.MinSizeRel|x64.Build.0 = Debug|x64
		{DD478CCF-B074-E34E-B41E-EDB4FEB1987E}.MinSizeRel|x86.ActiveCfg = Debug|Win32
		{DD478CCF-B074-E34E-B41E-EDB4FEB1987E}.MinSizeRel|x86.Build.0 = Debug|Win32
		{DD478CCF-B074-E34E-B41E-EDB4FEB1987E}.Release Static|x64.ActiveCfg = Release|x64
		{DD478CCF-B074-E34E-B41E-EDB4FEB1987E}.Release Static|x64.Build.0 = Release|x64
		{DD478CCF-B074-E34E-B41E-EDB4FEB1987E}.Release Static|x86.ActiveCfg = Release|Win32
		{DD478CCF-B074-E34E-B41E-EDB4FEB1987E}.Release Static|x86.Build.0 = Release|Win32
		{DD478CCF-B074-E34E-B41E-EDB4FEB1987E}.Release|x64.ActiveCfg = Release|x64
		{DD478CCF-B074-E34E-B41E-EDB4FEB1987E}.Release|x64.Build.0 = Release|x64
		{DD478CCF-B074-E34E-B41E-EDB4FEB1987E}.Release|x86.ActiveCfg = Release|Win32
		{DD478CCF-B074-E34E-B41E-EDB4FEB1987E}.Release|x86.Build.0 = Release|Win32
		{DD478CCF-B074-E34E-B41E-EDB4FEB1987E}.RelWithDebInfo|x64.ActiveCfg = Release|x64
		{DD478CCF-B074-E34E-B41E-EDB4FEB1987E}.RelWithDebInfo|x64.Build.0 = Release|x64
		{DD478CCF-B074-E34E-B41E-EDB4FEB1987E}.RelWithDebInfo|x86.ActiveCfg = Release|Win32
		{DD478CCF-B074-E34E-B41E-EDB4FEB1987E}.RelWithDebInfo|x86.Build.0 = Release|Win32
		{4C52430C-A353-2747-BAEC-1264AC057C34}.Debug Static|x64.ActiveCfg = Debug|x64
		{4C52430C-A353-2747-BAEC-1264AC057C34}.Debug Static|x64.Build.0 = Debug|x64
		{4C52430C-A353-2747-BAEC-1264AC057C34}.Debug Static|x86.ActiveCfg = Debug|Win32
		{4C52430C-A353-2747-BAEC-1264AC057C34}.Debug Static|x86.Build.0 = Debug|Win32
		{4C52430C-A353-2747-BAEC-1264AC057C34}.Debug|x64.ActiveCfg = Debug|x64
		{4C52430C-A353-2747-BAEC-1264AC057C34}.Debug|x64.Build.0 = Debug|x64
		{4C52430C-A353-2747-BAEC-1264AC057C34}.Debug|x86.ActiveCfg = Debug|Win32
		{4C52430C-A353-2747-BAEC-1264AC057C34}.Debug|x86.Build.0 = Debug|Win32
		{4C52430C-A353-2747-BAEC-1264AC057C34}.MinSizeRel|x64.ActiveCfg = Debug|x64
		{4C52430C-A353-2747-BAEC-1264AC057C34}.MinSizeRel|x64.Build.0 = Debug|x64
		{4C52430C-A353-2747-BAEC-1264AC057C34}.MinSizeRel|x86.ActiveCfg = Debug|Win32
		{4C52430C-A353-2747-BAEC-1264AC057C34}.MinSizeRel|x86.Build.0 = Debug|Win32
		{4C52430C-A353-2747-BAEC-1264AC057C34}.Release Static|x64.ActiveCfg = Release|x64
		{4C52430C-A353-2747-BAEC-1264AC057C34}.Release Static|x64.Build.0 = Release|x64
		{4C52430C-A353-2747-BAEC-1264AC057C34}.Release Static|x86.ActiveCfg = Release|Win32
		{4C52430C-A353-2747-BAEC-1264AC057C34}.Release Static|x86.Build.0 = Release|Win32
		{4C52430C-A353-2747-BAEC-1264AC057C34}.Release|x64.ActiveCfg = Release|x64
		{4C52430C-A353-2747-BAEC-1264AC057C34}.Release|x64.Build.0 = Release|x64
		{4C52430C-A353-2747-BAEC-1264AC057C34}.Release|x86.ActiveCfg = Release|Win32
		{4C52430C-A353-2747-BAEC-1264AC057C34}.Release|x86.Build.0 = Release|Win32
		{4C52430C-A353-2747-BAEC-1264AC057C34}.RelWithDebInfo|x64.ActiveCfg = Release|x64
		{4C52430C-A353-2747-BAEC-1264AC057C34}.RelWithDebInfo|x64.Build.0 = Release|x64
		{4C52430C-A353-2747-BAEC-1264AC057C34}.RelWithDebInfo|x86.ActiveCfg = Release|Win32
		{4C52430C-A353-2747-BAEC-1264AC057C34}.RelWithDebInfo|x86.Build.0 = Release|Win32
		{0865CDCF-316B-5546-97DD-95FCF7D9CE21}.Debug Static|x64.ActiveCfg = Debug|x64
		{0865CDCF-316B-5546-97DD-95FCF7D9CE21}.Debug Static|x64.Build.0 = Debug|x64
		{0865CDCF-316B-5546-97DD-95FCF7D9CE21}.Debug Static|x86.ActiveCfg = Debug|Win32
		{0865CDCF-316B-5546-97DD-95FCF7D9CE21}.Debug Static|x86.Build.0 = Debug|Win32
		{0865CDCF-316B-5546-97DD-95FCF7D9CE21}.Debug|x64.ActiveCfg = Debug|x64
		{0865CDCF-316B-5546-97DD-95FCF7D9CE21}.Debug|x64.Build.0 = Debug|x64
		{0865CDCF-316B-5546-97DD-95FCF7D9CE21}.Debug|x86.ActiveCfg = Debug|Win32
		{0865CDCF-316B-5546-97DD-95FCF7D9CE21}.Debug|x86.Build.0 = Debug|Win32
		{0865CDCF-316B-5546-97DD-95FCF7D9CE21}.MinSizeRel|x64.ActiveCfg = Debug|x64
		{0865CDCF-316B-5546-97DD-95FCF7D9CE21}.MinSizeRel|x64.Build.0 = Debug|x64
		{0865CDCF-316B-5546-97DD-95FCF7D9CE21}.MinSizeRel|x86.ActiveCfg = Debug|Win32
		{0865CDCF-316B-5546-97DD-95FCF7D9CE21}.MinSizeRel|x86.Build.0 = Debug|Win32
		{0865CDCF-316B-5546-97DD-95FCF7D9CE21}.Release Static|x64.ActiveCfg = Release|x64
		{0865CDCF-316B-5546-97DD-95FCF7D9CE21}.Release Static|x64.Build.0 = Release|x64
		{0865CDCF-316B-5546-97DD-95FCF7D9CE21}.Release Static|x86.ActiveCfg = Release|Win32
		{0865CDCF-316B-5546-97DD-95FCF7D9CE21}.Release Static|x86.Build.0 = Release|Win32
		{0865CDCF-316B-5546-97DD-95FCF7D9CE21}.Release|x64.ActiveCfg = Release|x64
		{0865CDCF-316B-5546-97DD-95FCF7D9CE21}.Release|x64.Build.0 = Release|x64
		{0865CDCF-316B-5546-97DD-95FCF7D9CE21}.Release|x86.ActiveCfg = Release|Win32
		{0865CDCF-316B-5546-97DD-95FCF7D9CE21}.Release|x86.Build.0 = Release|Win32
		{0865CDCF-316B-5546-97DD-95FCF7D9CE21}.RelWithDebInfo|x64.ActiveCfg = Release|x64
		{0865CDCF-316B-5546-97DD-95FCF7D9CE21}.RelWithDebInfo|x64.Build.0 = Release|x64
		{0865CDCF-316B-5546-97DD-95FCF7D9CE21}.RelWithDebInfo|x86.ActiveCfg = Release|Win32
		{0865CDCF-316B-5546-97DD-95FCF7D9CE21}.RelWithDebInfo|x86.Build.0 = Release|Win32
		{62BFB86D-4970-1E43-A2D6-017BF05234A9}.Debug Static|x64.ActiveCfg = Debug|x64
		{62BFB86D-4970-1E43-A2D6-017BF05234A9}.Debug Static|x64.Build.0 = Debug|x64
		{62BFB86D-4970-1E43-A2D6-017BF05234A9}.Debug Static|x86.ActiveCfg = Debug|Win32
		{62BFB86D-4970-1E43-A2D6-017BF05234A9}.Debug Static|x86.Build.0 = Debug|Win32
		{62BFB86D-4970-1E43-A2D6-017BF05234A9}.Debug|x64.ActiveCfg = Debug|x64
		{62BFB86D-4970-1E43-A2D6-017BF05234A9}.Debug|x64.Build.0 = Debug|x64
		{62BFB86D-4970-1E43-A2D6-017BF05234A9}.Debug|x86.ActiveCfg = Debug|Win32
		{62BFB86D-4970-1E43-A2D6-017BF05234A9}.Debug|x86.Build.0 = Debug|Win32
		{62BFB86D-4970-1E43-A2D6-017BF05234A9}.MinSizeRel|x64.ActiveCfg = Debug|x64
		{62BFB86D-4970-1E43-A2D6-017BF05234A9}.MinSizeRel|x64.Build.0 = Debug|x64
		{62BFB86D-4970-1E43-A2D6-017BF05234A9}.MinSizeRel|x86.ActiveCfg = Debug|Win32
		{62BFB86D-4970-1E43-A2D6-017BF05234A9}.MinSizeRel|x86.Build.0 = Debug|Win32
		{62BFB86D-4970-1E43-A2D6-017BF05234A9}.Release Static|x64.ActiveCfg = Release|x64
		{62BFB86D-4970-1E43-A2D6-017BF05234A9}.Release Static|x64.Build.0 = Release|x64
		{62BFB86D-4970-1E43-A2D6-017BF05234A9}.Release Static|x86.ActiveCfg = Release|Win32
		{62BFB86D-4970-1E43-A2D6-017BF05234A9}.Release Static|x86.Build.0 = Release|Win32
		{62BFB86D-4970-1E43-A2D6-017BF05234A9}.Release|x64.ActiveCfg = Release|x64
		{62BFB86D-4970-1E43-A2D6-017BF05234A9}.Release|x64.Build.0 = Release|x64
		{62BFB86D-4970-1E43-A2D6-017BF05234A9}.Release|x86.ActiveCfg = Release|Win32
		{62BFB86D-4970-1E43-A2D6-017BF05234A9}.Release|x86.Build.0 = Release|Win32
		{62BFB86D-4970-1E43-A2D6-017BF05234A9}.RelWithDebInfo|x64.ActiveCfg = Release|x64
		{62BFB86D-4970-1E43-A2D6-017BF05234A9}.RelWithDebInfo|x64.Build.0 = Release|x64
		{62BFB86D-4970-1E43-A2D6-017BF05234A9}.RelWithDebInfo|x86.ActiveCfg = Release|Win32
		{62BFB86D-4970-1E43-A2D6-017BF05234A9}.RelWithDebInfo|x86.Build.0 = Release|Win32
		{6E5E4D1A-D992-1B45-8982-9A20B56D8184}.Debug Static|x64.ActiveCfg = Debug|x64
		{6E5E4D1A-D992-1B45-8982-9A20B56D8184}.Debug Static|x64.Build.0 = Debug|x64
		{6E5E4D1A-D992-1B45-8982-9A20B56D8184}.Debug Static|x86.ActiveCfg = Debug|Win32
		{6E5E4D1A-D992-1B45-8982-9A20B56D8184}.Debug Static|x86.Build.0 = Debug|Win32
		{6E5E4D1A-D992-1B45-8982-9A20B56D8184}.Debug|x64.ActiveCfg = Debug|x64
		{6E5E4D1A-D992-1B45-8982-9A20B56D8184}.Debug|x64.Build.0 = Debug|x64
		{6E5E4D1A-D992-1B45-8982-9A20B56D8184}.Debug|x86.ActiveCfg = Debug|Win32
		{6E5E4D1A-D992-1B45-8982-9A20B56D8184}.Debug|x86.Build.0 = Debug|Win32
		{6E5E4D1A-D992-1B45-8982-9A20B56D8184}.MinSizeRel|x64.ActiveCfg = Debug|x64
		{6E5E4D1A-D992-1B45-8982-9A20B56D8184}.MinSizeRel|x64.Build.0 = Debug|x64
		{6E5E4D1A-D992-1B45-8982-9A20B56D8184}.MinSizeRel|x86.ActiveCfg = Debug|Win32
		{6E5E4D1A-D992-1B45-8982-9A20B56D8184}.MinSizeRel|x86.Build.0 = Debug|Win32
		{6E5E4D1A-D992-1B45-8982-9A20B56D8184}.Release Static|x64.ActiveCfg = Release|x64
		{6E5E4D1A-D992-1B45-8982-9A20B56D8184}.Release Static|x64.Build.0 = Release|x64
		{6E5E4D1A-D992-1B45-8982-9A20B56D8184}.Release Static|x86.ActiveCfg = Release|Win32
		{6E5E4D1A-D992-1B45-8982-9A20B56D8184}.Release Static|x86.Build.0 = Release|Win32
		{6E5E4D1A-D992-1B45-8982-9A20B56D8184}.Release|x64.ActiveCfg = Release|x64
		{6E5E4D1A-D992-1B45-8982-9A20B56D8184}.Release|x64.Build.0 = Release|x64
		{6E5E4D1A-D992-1B45-8982-9A20B56D8184}.Release|x86.ActiveCfg = Release|Win32
		{6E5E4D1A-D992-1B45-8982-9A20B56D8184}.Release|x86.Build.0 = Release|Win32
		{6E5E4D1A-D992-1B45-8982-9A20B56D8184}.RelWithDebInfo|x64.ActiveCfg = Release|x64
		{6E5E4D1A-D992-1B45-8982-9A20B56D8184}.RelWithDebInfo|x64.Build.0 = Release|x64
		{6E5E4D1A-D992-1B45-8982-9A20B56D8184}.RelWithDebInfo|x86.ActiveCfg = Release|Win32
		{6E5E4D1A-D992-1B45-8982-9A20B56D8184}.RelWithDebInfo|x86.Build.0 = Release|Win32
		{A713DD61-D56D-674F-8BF4-E2C84F947B0D}.Debug Static|x64.ActiveCfg = Debug|x64
		{A713DD61-D56D-674F-8BF4-E2C84F947B0D}.Debug Static|x64.Build.0 = Debug|x64
		{A713DD61-D56D-674F-8BF4-E2C84F947B0D}.Debug Static|x86.ActiveCfg = Debug|Win32
		{A713DD61-D56D-674F-8BF4-E2C84F947B0D}.Debug Static|x86.Build.0 = Debug|Win32
		{A713DD61-D56D-674F-8BF4-E2C84F947B0D}.Debug|x64.ActiveCfg = Debug|x64
		{A713DD61-D56D-674F-8BF4-E2C84F947B0D}.Debug|x64.Build.0 = Debug|x64
		{A713DD61-D56D-674F-8BF4-E2C84F947B0D}.Debug|x86.ActiveCfg = Debug|Win32
		{A713DD61-D56D-674F-8BF4-E2C84F947B0D}.Debug|x86.Build.0 = Debug|Win32
		{A713DD61-D56D-674F-8BF4-E2C84F947B0D}.MinSizeRel|x64.ActiveCfg = Debug|x64
		{A713DD61-D56D-674F-8BF4-E2C84F947B0D}.MinSizeRel|x64.Build.0 = Debug|x64
		{A713DD61-D56D-674F-8BF4-E2C84F947B0D}.MinSizeRel|x86.ActiveCfg = Debug|Win32
		{A713DD61-D56D-674F-8BF4-E2C84F947B0D}.MinSizeRel|x86.Build.0 = Debug|Win32
		{A713DD61-D56D-674F-8BF4-E2C84F947B0D}.Release Static|x64.ActiveCfg = Release|x64
		{A713DD61-D56D-674F-8BF4-E2C84F947B0D}.Release Static|x64.Build.0 = Release|x64
		{A713DD61-D56D-674F-8BF4-E2C84F947B0D}.Release Static|x86.ActiveCfg = Release|Win32
		{A713DD61-D56D-674F-8BF4-E2C84F947B0D}.Release Static|x86.Build.0 = Release|Win32
		{A713DD61-D56D-674F-8BF4-E2C84F947B0D}.Release|x64.ActiveCfg = Release|x64
		{A713DD61-D56D-674F-8BF4-E2C84F947B0D}.Release|x64.Build.0 = Release|x64
		{A713DD61-D56D-674F-8BF4-E2C84F947B0D}.Release|x86.ActiveCfg = Release|Win32
		{A713DD61-D56D-674F-8BF4-E2C84F947B0D}.Release|x86.Build.0 = Release|Win32
		{A713DD61-D56D-674F-8BF4-E2C84F947B0D}.RelWithDebInfo|x64.ActiveCfg = Release|x64
		{A713DD61-D56D-674F-8BF4-E2C84F947B0D}.RelWithDebInfo|x64.Build.0 = Release|x64
		{A713DD61-D56D-674F-8BF4-E2C84F947B0D}.RelWithDebInfo|x86.ActiveCfg = Release|Win32
		{A713DD61-D56D-674F-8BF4-E2C84F947B0D}.RelWithDebInfo|x86.Build.0 = Release|Win32
	EndGlobalSection
	GlobalSection(SolutionProperties) = preSolution
		HideSolutionNode = FALSE
	EndGlobalSection
	GlobalSection(NestedProjects) = preSolution
		{5101B0D8-B871-3F15-863C-62513C8E1400} = {C1A50E42-2331-436B-8D68-52BA36A2935A}
		{2F8180D4-EC16-3656-AF47-71E58E6A0876} = {C1A50E42-2331-436B-8D68-52BA36A2935A}
		{32E33155-84DE-3E6A-9C0C-837EC8B02917} = {C1A50E42-2331-436B-8D68-52BA36A2935A}
		{32210BA7-DA64-3B66-A40C-187CD23AB566} = {C1A50E42-2331-436B-8D68-52BA36A2935A}
		{C33CBB08-9148-44FF-9F7C-9AC35389D4F8} = {C1A50E42-2331-436B-8D68-52BA36A2935A}
		{F8FFB2A5-89F4-44E8-88BA-EAC0BF6A3784} = {BE7A57CD-0BA3-4900-9A87-06F23480A58C}
		{91E31108-414E-4E66-816D-C3FA292CFF61} = {BE7A57CD-0BA3-4900-9A87-06F23480A58C}
		{78B079BD-9FC7-4B9E-B4A6-96DA0F00248B} = {C1A50E42-2331-436B-8D68-52BA36A2935A}
		{6EAE5A99-1364-33CE-ADC5-8717E50E2897} = {C1A50E42-2331-436B-8D68-52BA36A2935A}
		{DD478CCF-B074-E34E-B41E-EDB4FEB1987E} = {C33CBB08-9148-44FF-9F7C-9AC35389D4F8}
		{4C52430C-A353-2747-BAEC-1264AC057C34} = {C33CBB08-9148-44FF-9F7C-9AC35389D4F8}
		{0865CDCF-316B-5546-97DD-95FCF7D9CE21} = {C33CBB08-9148-44FF-9F7C-9AC35389D4F8}
		{62BFB86D-4970-1E43-A2D6-017BF05234A9} = {C33CBB08-9148-44FF-9F7C-9AC35389D4F8}
		{6E5E4D1A-D992-1B45-8982-9A20B56D8184} = {C33CBB08-9148-44FF-9F7C-9AC35389D4F8}
		{A713DD61-D56D-674F-8BF4-E2C84F947B0D} = {C33CBB08-9148-44FF-9F7C-9AC35389D4F8}
	EndGlobalSection
	GlobalSection(ExtensibilityGlobals) = postSolution
		SolutionGuid = {149240A3-5CFC-476E-B4D4-9D6AA4F73D18}
	EndGlobalSection
EndGlobal
