<?xml version="1.0" encoding="utf-8"?>
<Project ToolsVersion="4.0" xmlns="http://schemas.microsoft.com/developer/msbuild/2003">
  <ItemGroup>
    <Filter Include="Source Files">
      <UniqueIdentifier>{4FC737F1-C7A5-4376-A066-2A32D752A2FF}</UniqueIdentifier>
      <Extensions>cpp;c;cc;cxx;def;odl;idl;hpj;bat;asm;asmx</Extensions>
    </Filter>
    <Filter Include="Header Files">
      <UniqueIdentifier>{93995380-89BD-4b04-88EB-625FBE52EBFB}</UniqueIdentifier>
      <Extensions>h;hh;hpp;hxx;hm;inl;inc;xsd</Extensions>
    </Filter>
    <Filter Include="Resource Files">
      <UniqueIdentifier>{67DA6AB6-F800-4c08-8B7A-83BB121AAD01}</UniqueIdentifier>
      <Extensions>rc;ico;cur;bmp;dlg;rc2;rct;bin;rgs;gif;jpg;jpeg;jpe;resx;tiff;tif;png;wav;mfcribbon-ms</Extensions>
    </Filter>
    <Filter Include="GLFW">
      <UniqueIdentifier>{aba1a507-fbee-479c-82be-0eef81d4abbc}</UniqueIdentifier>
    </Filter>
    <Filter Include="EGL">
      <UniqueIdentifier>{4eb2ba8a-5af8-42ef-ac29-71bebb193dd6}</UniqueIdentifier>
    </Filter>
    <Filter Include="Android">
      <UniqueIdentifier>{c2cf0a65-8c59-4a3e-8417-6a719badb2f9}</UniqueIdentifier>
    </Filter>
    <Filter Include="Model">
      <UniqueIdentifier>{8d944eb8-1648-480c-a17c-5d68c737508c}</UniqueIdentifier>
    </Filter>
  </ItemGroup>
  <ItemGroup>
    <ClCompile Include="AppBase.cpp">
      <Filter>Source Files</Filter>
    </ClCompile>
    <ClCompile Include="GLFWContext.cpp">
      <Filter>GLFW</Filter>
    </ClCompile>
    <ClCompile Include="Shader.cpp">
      <Filter>Source Files</Filter>
    </ClCompile>
    <ClCompile Include="EGLAppContext.cpp">
      <Filter>EGL</Filter>
    </ClCompile>
    <ClCompile Include="MainAndroid.cpp">
      <Filter>Android</Filter>
    </ClCompile>
    <ClCompile Include="Camera.cpp">
      <Filter>Source Files</Filter>
    </ClCompile>
    <ClCompile Include="TGA.cpp">
      <Filter>Source Files</Filter>
    </ClCompile>
    <ClCompile Include="Timer.cpp">
      <Filter>Source Files</Filter>
    </ClCompile>
    <ClCompile Include="ShaderManager.cpp">
      <Filter>Source Files</Filter>
    </ClCompile>
    <ClCompile Include="TextRendering.cpp">
      <Filter>Source Files</Filter>
    </ClCompile>
    <ClCompile Include="FrameRate.cpp">
      <Filter>Source Files</Filter>
    </ClCompile>
    <ClCompile Include="Debugging.cpp">
      <Filter>Source Files</Filter>
    </ClCompile>
    <ClCompile Include="QHText.cpp">
      <Filter>Source Files</Filter>
    </ClCompile>
    <ClCompile Include="Utils.cpp">
      <Filter>Source Files</Filter>
    </ClCompile>
    <ClCompile Include="..\..\AndroidPort\AndroidSource\app\jni\jni_code.cpp">
      <Filter>Android</Filter>
    </ClCompile>
    <ClCompile Include="..\..\AndroidPort\AndroidSource\app\jni\Native_android_surface.cpp">
      <Filter>Android</Filter>
    </ClCompile>
    <ClCompile Include="SkyBox.cpp">
      <Filter>Source Files</Filter>
    </ClCompile>
    <ClCompile Include="..\..\AndroidPort\AndroidSource\app\jni\package_utils.cpp">
      <Filter>Android</Filter>
    </ClCompile>
    <ClCompile Include="QHTexture.cpp">
      <Filter>Source Files</Filter>
    </ClCompile>
    <ClCompile Include="QHAxis.cpp">
      <Filter>Source Files</Filter>
    </ClCompile>
    <ClCompile Include="Sound.cpp">
      <Filter>Source Files</Filter>
    </ClCompile>
    <ClCompile Include="MainWin32.cpp">
      <Filter>GLFW</Filter>
    </ClCompile>
    <ClCompile Include="RenderManager.cpp">
      <Filter>Source Files</Filter>
    </ClCompile>
    <ClCompile Include="RenderTarget.cpp">
      <Filter>Source Files</Filter>
    </ClCompile>
    <ClCompile Include="PhysicsSimulation.cpp">
      <Filter>Source Files</Filter>
    </ClCompile>
    <ClCompile Include="QHMath.cpp">
      <Filter>Source Files</Filter>
    </ClCompile>
    <ClCompile Include="UserInterface.cpp">
      <Filter>Source Files</Filter>
    </ClCompile>
    <ClCompile Include="Sprite.cpp">
      <Filter>Source Files</Filter>
    </ClCompile>
    <ClCompile Include="AppContext.cpp">
      <Filter>Source Files</Filter>
    </ClCompile>
    <ClCompile Include="GLDebugDrawer.cpp">
      <Filter>Source Files</Filter>
    </ClCompile>
    <ClCompile Include="Model.cpp">
      <Filter>Model</Filter>
    </ClCompile>
    <ClCompile Include="QHMaterial.cpp">
      <Filter>Model</Filter>
    </ClCompile>
    <ClCompile Include="QHMesh.cpp">
      <Filter>Model</Filter>
    </ClCompile>
    <ClCompile Include="Mesh.cpp">
      <Filter>Model</Filter>
    </ClCompile>
    <ClCompile Include="ModelManager.cpp">
      <Filter>Model</Filter>
    </ClCompile>
  </ItemGroup>
  <ItemGroup>
    <ClInclude Include="AppBase.h">
      <Filter>Header Files</Filter>
    </ClInclude>
    <ClInclude Include="AppContext.h">
      <Filter>Header Files</Filter>
    </ClInclude>
    <ClInclude Include="Logs.h">
      <Filter>Header Files</Filter>
    </ClInclude>
    <ClInclude Include="GLFWContext.h">
      <Filter>GLFW</Filter>
    </ClInclude>
    <ClInclude Include="Shader.h">
      <Filter>Header Files</Filter>
    </ClInclude>
    <ClInclude Include="EGLAppContext.h">
      <Filter>EGL</Filter>
    </ClInclude>
    <ClInclude Include="Camera.h">
      <Filter>Header Files</Filter>
    </ClInclude>
    <ClInclude Include="TGA.h">
      <Filter>Header Files</Filter>
    </ClInclude>
    <ClInclude Include="Timer.h">
      <Filter>Header Files</Filter>
    </ClInclude>
    <ClInclude Include="stdafx.h">
      <Filter>Header Files</Filter>
    </ClInclude>
    <ClInclude Include="ShaderManager.h">
      <Filter>Header Files</Filter>
    </ClInclude>
    <ClInclude Include="TextRendering.h">
      <Filter>Header Files</Filter>
    </ClInclude>
    <ClInclude Include="FrameRate.h">
      <Filter>Header Files</Filter>
    </ClInclude>
    <ClInclude Include="Debugging.h">
      <Filter>Header Files</Filter>
    </ClInclude>
    <ClInclude Include="QHText.h">
      <Filter>Header Files</Filter>
    </ClInclude>
    <ClInclude Include="Utils.h">
      <Filter>Header Files</Filter>
    </ClInclude>
    <ClInclude Include="SkyBox.h">
      <Filter>Header Files</Filter>
    </ClInclude>
    <ClInclude Include="..\..\AndroidPort\AndroidSource\app\jni\package_utils.h">
      <Filter>Android</Filter>
    </ClInclude>
    <ClInclude Include="QHTexture.h">
      <Filter>Header Files</Filter>
    </ClInclude>
    <ClInclude Include="QHAxis.h">
      <Filter>Header Files</Filter>
    </ClInclude>
    <ClInclude Include="Sound.h">
      <Filter>Header Files</Filter>
    </ClInclude>
    <ClInclude Include="RenderTarget.h">
      <Filter>Header Files</Filter>
    </ClInclude>
    <ClInclude Include="PhysicsSimulation.h">
      <Filter>Header Files</Filter>
    </ClInclude>
    <ClInclude Include="QHMath.h">
      <Filter>Header Files</Filter>
    </ClInclude>
    <ClInclude Include="UserInterface.h">
      <Filter>Header Files</Filter>
    </ClInclude>
    <ClInclude Include="Sprite.h">
      <Filter>Header Files</Filter>
    </ClInclude>
    <ClInclude Include="..\..\AndroidPort\AndroidSource\app\jni\ScopeGetEnv.h">
      <Filter>Android</Filter>
    </ClInclude>
    <ClInclude Include="RenderManager.h">
      <Filter>Header Files</Filter>
    </ClInclude>
    <ClInclude Include="GLDebugDrawer.h">
      <Filter>Header Files</Filter>
    </ClInclude>
    <ClInclude Include="Model.h">
      <Filter>Model</Filter>
    </ClInclude>
    <ClInclude Include="Mesh.h">
      <Filter>Model</Filter>
    </ClInclude>
    <ClInclude Include="QHMesh.h">
      <Filter>Model</Filter>
    </ClInclude>
    <ClInclude Include="QHVertex.h">
      <Filter>Model</Filter>
    </ClInclude>
    <ClInclude Include="QHMaterial.h">
      <Filter>Model</Filter>
    </ClInclude>
    <ClInclude Include="ModelManager.h">
      <Filter>Model</Filter>
    </ClInclude>
  </ItemGroup>
  <ItemGroup>
    <None Include="..\..\Resources\Shaders\DepthShader.fs">
      <Filter>Resource Files</Filter>
    </None>
    <None Include="..\..\Resources\Shaders\DepthShader.vs">
      <Filter>Resource Files</Filter>
    </None>
    <None Include="..\..\Resources\Shaders\model_loading.fs">
      <Filter>Resource Files</Filter>
    </None>
    <None Include="..\..\Resources\Shaders\model_loading.vs">
      <Filter>Resource Files</Filter>
    </None>
    <None Include="..\..\Resources\Shaders\framebuffers_debug.fs">
      <Filter>Resource Files</Filter>
    </None>
    <None Include="..\..\Resources\Shaders\framebuffers_debug.vs">
      <Filter>Resource Files</Filter>
    </None>
    <None Include="..\..\Resources\Shaders\blur.fs">
      <Filter>Resource Files</Filter>
    </None>
    <None Include="..\..\Resources\Shaders\bloom_final.fs">
      <Filter>Resource Files</Filter>
    </None>
    <None Include="..\..\Resources\Shaders\brightness.fs">
      <Filter>Resource Files</Filter>
    </None>
    <None Include="..\..\Resources\Shaders\BasicVS.vs">
      <Filter>Resource Files</Filter>
    </None>
    <None Include="..\..\Resources\Shaders\BasicFS.fs">
      <Filter>Resource Files</Filter>
    </None>
  </ItemGroup>
</Project>